// !$*UTF8*$!
{
	archiveVersion = 1;
	classes = {
	};
	objectVersion = 56;
	objects = {

/* Begin PBXBuildFile section */
		66612A832B1A3A6E0056154B /* day_01.cpp in Sources */ = {isa = PBXBuildFile; fileRef = 66612A822B1A3A6E0056154B /* day_01.cpp */; };
		66E7E8002B1BD6700098BABD /* main.cpp in Sources */ = {isa = PBXBuildFile; fileRef = 66E7E7FF2B1BD6700098BABD /* main.cpp */; };
		66E7E8032B1BDBA30098BABD /* day_02.cpp in Sources */ = {isa = PBXBuildFile; fileRef = 66E7E8022B1BDBA30098BABD /* day_02.cpp */; };
/* End PBXBuildFile section */

/* Begin PBXCopyFilesBuildPhase section */
		66612A7D2B1A3A6E0056154B /* CopyFiles */ = {
			isa = PBXCopyFilesBuildPhase;
			buildActionMask = 2147483647;
			dstPath = /usr/share/man/man1/;
			dstSubfolderSpec = 0;
			files = (
			);
			runOnlyForDeploymentPostprocessing = 1;
		};
/* End PBXCopyFilesBuildPhase section */

/* Begin PBXFileReference section */
		66612A7F2B1A3A6E0056154B /* AdventOfCode */ = {isa = PBXFileReference; explicitFileType = "compiled.mach-o.executable"; includeInIndex = 0; path = AdventOfCode; sourceTree = BUILT_PRODUCTS_DIR; };
		66612A822B1A3A6E0056154B /* day_01.cpp */ = {isa = PBXFileReference; lastKnownFileType = sourcecode.cpp.cpp; path = day_01.cpp; sourceTree = "<group>"; };
		66612A8A2B1A41890056154B /* day_01.input */ = {isa = PBXFileReference; lastKnownFileType = text; name = day_01.input; path = input/day_01.input; sourceTree = "<group>"; };
		66612A8B2B1A41890056154B /* day_01.test_input1 */ = {isa = PBXFileReference; lastKnownFileType = text; name = day_01.test_input1; path = input/day_01.test_input1; sourceTree = "<group>"; };
		66612A8C2B1A499A0056154B /* day_01.test_input2 */ = {isa = PBXFileReference; lastKnownFileType = text; name = day_01.test_input2; path = input/day_01.test_input2; sourceTree = "<group>"; };
		66E7E7FF2B1BD6700098BABD /* main.cpp */ = {isa = PBXFileReference; lastKnownFileType = sourcecode.cpp.cpp; path = main.cpp; sourceTree = "<group>"; };
		66E7E8012B1BD68B0098BABD /* advent_of_code.h */ = {isa = PBXFileReference; lastKnownFileType = sourcecode.c.h; path = advent_of_code.h; sourceTree = "<group>"; };
		66E7E8022B1BDBA30098BABD /* day_02.cpp */ = {isa = PBXFileReference; lastKnownFileType = sourcecode.cpp.cpp; path = day_02.cpp; sourceTree = "<group>"; };
		66E7E8042B1BDD560098BABD /* day_02.input */ = {isa = PBXFileReference; lastKnownFileType = text; name = day_02.input; path = input/day_02.input; sourceTree = "<group>"; };
		66E7E8052B1BDD560098BABD /* day_02.test_input1 */ = {isa = PBXFileReference; lastKnownFileType = text; name = day_02.test_input1; path = input/day_02.test_input1; sourceTree = "<group>"; };
/* End PBXFileReference section */

/* Begin PBXFrameworksBuildPhase section */
		66612A7C2B1A3A6E0056154B /* Frameworks */ = {
			isa = PBXFrameworksBuildPhase;
			buildActionMask = 2147483647;
			files = (
			);
			runOnlyForDeploymentPostprocessing = 0;
		};
/* End PBXFrameworksBuildPhase section */

/* Begin PBXGroup section */
		66612A762B1A3A6E0056154B = {
			isa = PBXGroup;
			children = (
				66612A892B1A415A0056154B /* Input Data */,
				66612A812B1A3A6E0056154B /* AdventOfCode */,
				66612A802B1A3A6E0056154B /* Products */,
			);
			sourceTree = "<group>";
		};
		66612A802B1A3A6E0056154B /* Products */ = {
			isa = PBXGroup;
			children = (
				66612A7F2B1A3A6E0056154B /* AdventOfCode */,
			);
			name = Products;
			sourceTree = "<group>";
		};
		66612A812B1A3A6E0056154B /* AdventOfCode */ = {
			isa = PBXGroup;
			children = (
				66E7E8012B1BD68B0098BABD /* advent_of_code.h */,
				66E7E7FF2B1BD6700098BABD /* main.cpp */,
				66612A822B1A3A6E0056154B /* day_01.cpp */,
				66E7E8022B1BDBA30098BABD /* day_02.cpp */,
			);
			path = AdventOfCode;
			sourceTree = "<group>";
		};
		66612A892B1A415A0056154B /* Input Data */ = {
			isa = PBXGroup;
			children = (
				66612A8A2B1A41890056154B /* day_01.input */,
				66612A8B2B1A41890056154B /* day_01.test_input1 */,
				66612A8C2B1A499A0056154B /* day_01.test_input2 */,
				66E7E8042B1BDD560098BABD /* day_02.input */,
				66E7E8052B1BDD560098BABD /* day_02.test_input1 */,
			);
			name = "Input Data";
			sourceTree = "<group>";
		};
/* End PBXGroup section */

/* Begin PBXNativeTarget section */
		66612A7E2B1A3A6E0056154B /* AdventOfCode */ = {
			isa = PBXNativeTarget;
			buildConfigurationList = 66612A862B1A3A6E0056154B /* Build configuration list for PBXNativeTarget "AdventOfCode" */;
			buildPhases = (
				66612A7B2B1A3A6E0056154B /* Sources */,
				66612A7C2B1A3A6E0056154B /* Frameworks */,
				66612A7D2B1A3A6E0056154B /* CopyFiles */,
			);
			buildRules = (
			);
			dependencies = (
			);
			name = AdventOfCode;
			productName = AdventOfCode;
			productReference = 66612A7F2B1A3A6E0056154B /* AdventOfCode */;
			productType = "com.apple.product-type.tool";
		};
/* End PBXNativeTarget section */

/* Begin PBXProject section */
		66612A772B1A3A6E0056154B /* Project object */ = {
			isa = PBXProject;
			attributes = {
				BuildIndependentTargetsInParallel = 1;
				LastUpgradeCheck = 1500;
				TargetAttributes = {
					66612A7E2B1A3A6E0056154B = {
						CreatedOnToolsVersion = 15.0;
					};
				};
			};
			buildConfigurationList = 66612A7A2B1A3A6E0056154B /* Build configuration list for PBXProject "AdventOfCode" */;
			compatibilityVersion = "Xcode 14.0";
			developmentRegion = en;
			hasScannedForEncodings = 0;
			knownRegions = (
				en,
				Base,
			);
			mainGroup = 66612A762B1A3A6E0056154B;
			productRefGroup = 66612A802B1A3A6E0056154B /* Products */;
			projectDirPath = "";
			projectRoot = "";
			targets = (
				66612A7E2B1A3A6E0056154B /* AdventOfCode */,
			);
		};
/* End PBXProject section */

/* Begin PBXSourcesBuildPhase section */
		66612A7B2B1A3A6E0056154B /* Sources */ = {
			isa = PBXSourcesBuildPhase;
			buildActionMask = 2147483647;
			files = (
				66E7E8032B1BDBA30098BABD /* day_02.cpp in Sources */,
				66E7E8002B1BD6700098BABD /* main.cpp in Sources */,
				66612A832B1A3A6E0056154B /* day_01.cpp in Sources */,
			);
			runOnlyForDeploymentPostprocessing = 0;
		};
/* End PBXSourcesBuildPhase section */

/* Begin XCBuildConfiguration section */
		66612A842B1A3A6E0056154B /* Debug */ = {
			isa = XCBuildConfiguration;
			buildSettings = {
				ALWAYS_SEARCH_USER_PATHS = NO;
				ASSETCATALOG_COMPILER_GENERATE_SWIFT_ASSET_SYMBOL_EXTENSIONS = YES;
				CLANG_ANALYZER_NONNULL = YES;
				CLANG_ANALYZER_NUMBER_OBJECT_CONVERSION = YES_AGGRESSIVE;
				CLANG_CXX_LANGUAGE_STANDARD = "gnu++20";
				CLANG_ENABLE_MODULES = YES;
				CLANG_ENABLE_OBJC_ARC = YES;
				CLANG_ENABLE_OBJC_WEAK = YES;
				CLANG_WARN_BLOCK_CAPTURE_AUTORELEASING = YES;
				CLANG_WARN_BOOL_CONVERSION = YES;
				CLANG_WARN_COMMA = YES;
				CLANG_WARN_CONSTANT_CONVERSION = YES;
				CLANG_WARN_DEPRECATED_OBJC_IMPLEMENTATIONS = YES;
				CLANG_WARN_DIRECT_OBJC_ISA_USAGE = YES_ERROR;
				CLANG_WARN_DOCUMENTATION_COMMENTS = YES;
				CLANG_WARN_EMPTY_BODY = YES;
				CLANG_WARN_ENUM_CONVERSION = YES;
				CLANG_WARN_INFINITE_RECURSION = YES;
				CLANG_WARN_INT_CONVERSION = YES;
				CLANG_WARN_NON_LITERAL_NULL_CONVERSION = YES;
				CLANG_WARN_OBJC_IMPLICIT_RETAIN_SELF = YES;
				CLANG_WARN_OBJC_LITERAL_CONVERSION = YES;
				CLANG_WARN_OBJC_ROOT_CLASS = YES_ERROR;
				CLANG_WARN_QUOTED_INCLUDE_IN_FRAMEWORK_HEADER = YES;
				CLANG_WARN_RANGE_LOOP_ANALYSIS = YES;
				CLANG_WARN_STRICT_PROTOTYPES = YES;
				CLANG_WARN_SUSPICIOUS_MOVE = YES;
				CLANG_WARN_UNGUARDED_AVAILABILITY = YES_AGGRESSIVE;
				CLANG_WARN_UNREACHABLE_CODE = YES;
				CLANG_WARN__DUPLICATE_METHOD_MATCH = YES;
				COPY_PHASE_STRIP = NO;
				DEBUG_INFORMATION_FORMAT = dwarf;
				ENABLE_STRICT_OBJC_MSGSEND = YES;
				ENABLE_TESTABILITY = YES;
				ENABLE_USER_SCRIPT_SANDBOXING = YES;
				GCC_C_LANGUAGE_STANDARD = gnu17;
				GCC_DYNAMIC_NO_PIC = NO;
				GCC_NO_COMMON_BLOCKS = YES;
				GCC_OPTIMIZATION_LEVEL = 0;
				GCC_PREPROCESSOR_DEFINITIONS = (
					"DEBUG=1",
					"$(inherited)",
				);
				GCC_WARN_64_TO_32_BIT_CONVERSION = YES;
				GCC_WARN_ABOUT_RETURN_TYPE = YES_ERROR;
				GCC_WARN_UNDECLARED_SELECTOR = YES;
				GCC_WARN_UNINITIALIZED_AUTOS = YES_AGGRESSIVE;
				GCC_WARN_UNUSED_FUNCTION = YES;
				GCC_WARN_UNUSED_VARIABLE = YES;
				LOCALIZATION_PREFERS_STRING_CATALOGS = YES;
				MACOSX_DEPLOYMENT_TARGET = 13.5;
				MTL_ENABLE_DEBUG_INFO = INCLUDE_SOURCE;
				MTL_FAST_MATH = YES;
				ONLY_ACTIVE_ARCH = YES;
				SDKROOT = macosx;
			};
			name = Debug;
		};
		66612A852B1A3A6E0056154B /* Release */ = {
			isa = XCBuildConfiguration;
			buildSettings = {
				ALWAYS_SEARCH_USER_PATHS = NO;
				ASSETCATALOG_COMPILER_GENERATE_SWIFT_ASSET_SYMBOL_EXTENSIONS = YES;
				CLANG_ANALYZER_NONNULL = YES;
				CLANG_ANALYZER_NUMBER_OBJECT_CONVERSION = YES_AGGRESSIVE;
				CLANG_CXX_LANGUAGE_STANDARD = "gnu++20";
				CLANG_ENABLE_MODULES = YES;
				CLANG_ENABLE_OBJC_ARC = YES;
				CLANG_ENABLE_OBJC_WEAK = YES;
				CLANG_WARN_BLOCK_CAPTURE_AUTORELEASING = YES;
				CLANG_WARN_BOOL_CONVERSION = YES;
				CLANG_WARN_COMMA = YES;
				CLANG_WARN_CONSTANT_CONVERSION = YES;
				CLANG_WARN_DEPRECATED_OBJC_IMPLEMENTATIONS = YES;
				CLANG_WARN_DIRECT_OBJC_ISA_USAGE = YES_ERROR;
				CLANG_WARN_DOCUMENTATION_COMMENTS = YES;
				CLANG_WARN_EMPTY_BODY = YES;
				CLANG_WARN_ENUM_CONVERSION = YES;
				CLANG_WARN_INFINITE_RECURSION = YES;
				CLANG_WARN_INT_CONVERSION = YES;
				CLANG_WARN_NON_LITERAL_NULL_CONVERSION = YES;
				CLANG_WARN_OBJC_IMPLICIT_RETAIN_SELF = YES;
				CLANG_WARN_OBJC_LITERAL_CONVERSION = YES;
				CLANG_WARN_OBJC_ROOT_CLASS = YES_ERROR;
				CLANG_WARN_QUOTED_INCLUDE_IN_FRAMEWORK_HEADER = YES;
				CLANG_WARN_RANGE_LOOP_ANALYSIS = YES;
				CLANG_WARN_STRICT_PROTOTYPES = YES;
				CLANG_WARN_SUSPICIOUS_MOVE = YES;
				CLANG_WARN_UNGUARDED_AVAILABILITY = YES_AGGRESSIVE;
				CLANG_WARN_UNREACHABLE_CODE = YES;
				CLANG_WARN__DUPLICATE_METHOD_MATCH = YES;
				COPY_PHASE_STRIP = NO;
				DEBUG_INFORMATION_FORMAT = "dwarf-with-dsym";
				ENABLE_NS_ASSERTIONS = NO;
				ENABLE_STRICT_OBJC_MSGSEND = YES;
				ENABLE_USER_SCRIPT_SANDBOXING = YES;
				GCC_C_LANGUAGE_STANDARD = gnu17;
				GCC_NO_COMMON_BLOCKS = YES;
				GCC_WARN_64_TO_32_BIT_CONVERSION = YES;
				GCC_WARN_ABOUT_RETURN_TYPE = YES_ERROR;
				GCC_WARN_UNDECLARED_SELECTOR = YES;
				GCC_WARN_UNINITIALIZED_AUTOS = YES_AGGRESSIVE;
				GCC_WARN_UNUSED_FUNCTION = YES;
				GCC_WARN_UNUSED_VARIABLE = YES;
				LOCALIZATION_PREFERS_STRING_CATALOGS = YES;
				MACOSX_DEPLOYMENT_TARGET = 13.5;
				MTL_ENABLE_DEBUG_INFO = NO;
				MTL_FAST_MATH = YES;
				SDKROOT = macosx;
			};
			name = Release;
		};
		66612A872B1A3A6E0056154B /* Debug */ = {
			isa = XCBuildConfiguration;
			buildSettings = {
				CODE_SIGN_STYLE = Automatic;
				DEVELOPMENT_TEAM = B47EZERG93;
				ENABLE_HARDENED_RUNTIME = YES;
				PRODUCT_NAME = "$(TARGET_NAME)";
			};
			name = Debug;
		};
		66612A882B1A3A6E0056154B /* Release */ = {
			isa = XCBuildConfiguration;
			buildSettings = {
				CODE_SIGN_STYLE = Automatic;
				DEVELOPMENT_TEAM = B47EZERG93;
				ENABLE_HARDENED_RUNTIME = YES;
				PRODUCT_NAME = "$(TARGET_NAME)";
			};
			name = Release;
		};
/* End XCBuildConfiguration section */

/* Begin XCConfigurationList section */
		66612A7A2B1A3A6E0056154B /* Build configuration list for PBXProject "AdventOfCode" */ = {
			isa = XCConfigurationList;
			buildConfigurations = (
				66612A842B1A3A6E0056154B /* Debug */,
				66612A852B1A3A6E0056154B /* Release */,
			);
			defaultConfigurationIsVisible = 0;
			defaultConfigurationName = Release;
		};
		66612A862B1A3A6E0056154B /* Build configuration list for PBXNativeTarget "AdventOfCode" */ = {
			isa = XCConfigurationList;
			buildConfigurations = (
				66612A872B1A3A6E0056154B /* Debug */,
				66612A882B1A3A6E0056154B /* Release */,
			);
			defaultConfigurationIsVisible = 0;
			defaultConfigurationName = Release;
		};
/* End XCConfigurationList section */
	};
	rootObject = 66612A772B1A3A6E0056154B /* Project object */;
}
