// !$*UTF8*$!
{
	archiveVersion = 1;
	classes = {
	};
	objectVersion = 56;
	objects = {

/* Begin PBXBuildFile section */
		66797C052B2A5ECB00777948 /* day_13.cpp in Sources */ = {isa = PBXBuildFile; fileRef = 66797C042B2A5ECB00777948 /* day_13.cpp */; };
		66797C072B2A5EE200777948 /* day_01.cpp in Sources */ = {isa = PBXBuildFile; fileRef = 66797C062B2A5EE200777948 /* day_01.cpp */; };
		66797C132B2A5EFB00777948 /* day_04.cpp in Sources */ = {isa = PBXBuildFile; fileRef = 66797C082B2A5EFA00777948 /* day_04.cpp */; };
		66797C142B2A5EFB00777948 /* day_11.cpp in Sources */ = {isa = PBXBuildFile; fileRef = 66797C092B2A5EFA00777948 /* day_11.cpp */; };
		66797C152B2A5EFB00777948 /* day_05.cpp in Sources */ = {isa = PBXBuildFile; fileRef = 66797C0A2B2A5EFA00777948 /* day_05.cpp */; };
		66797C162B2A5EFB00777948 /* day_02.cpp in Sources */ = {isa = PBXBuildFile; fileRef = 66797C0B2B2A5EFA00777948 /* day_02.cpp */; };
		66797C172B2A5EFB00777948 /* day_07.cpp in Sources */ = {isa = PBXBuildFile; fileRef = 66797C0C2B2A5EFA00777948 /* day_07.cpp */; };
		66797C182B2A5EFB00777948 /* day_12.cpp in Sources */ = {isa = PBXBuildFile; fileRef = 66797C0D2B2A5EFA00777948 /* day_12.cpp */; };
		66797C192B2A5EFB00777948 /* day_08.cpp in Sources */ = {isa = PBXBuildFile; fileRef = 66797C0E2B2A5EFA00777948 /* day_08.cpp */; };
		66797C1A2B2A5EFB00777948 /* day_06.cpp in Sources */ = {isa = PBXBuildFile; fileRef = 66797C0F2B2A5EFA00777948 /* day_06.cpp */; };
		66797C1B2B2A5EFB00777948 /* day_03.cpp in Sources */ = {isa = PBXBuildFile; fileRef = 66797C102B2A5EFB00777948 /* day_03.cpp */; };
		66797C1C2B2A5EFB00777948 /* day_09.cpp in Sources */ = {isa = PBXBuildFile; fileRef = 66797C112B2A5EFB00777948 /* day_09.cpp */; };
		66797C1D2B2A5EFB00777948 /* day_10.cpp in Sources */ = {isa = PBXBuildFile; fileRef = 66797C122B2A5EFB00777948 /* day_10.cpp */; };
		66E7E8002B1BD6700098BABD /* main.cpp in Sources */ = {isa = PBXBuildFile; fileRef = 66E7E7FF2B1BD6700098BABD /* main.cpp */; };
		66E7E8072B1C2DD90098BABD /* advent_of_code.cpp in Sources */ = {isa = PBXBuildFile; fileRef = 66E7E8062B1C2DD90098BABD /* advent_of_code.cpp */; };
/* End PBXBuildFile section */

/* Begin PBXCopyFilesBuildPhase section */
		66612A7D2B1A3A6E0056154B /* CopyFiles */ = {
			isa = PBXCopyFilesBuildPhase;
			buildActionMask = 2147483647;
			dstPath = /usr/share/man/man1/;
			dstSubfolderSpec = 0;
			files = (
			);
			runOnlyForDeploymentPostprocessing = 1;
		};
/* End PBXCopyFilesBuildPhase section */

/* Begin PBXFileReference section */
		665399FE2B25211A00613227 /* day_09.input */ = {isa = PBXFileReference; lastKnownFileType = text; name = day_09.input; path = input/day_09.input; sourceTree = "<group>"; };
		665399FF2B25211A00613227 /* day_09.test_input */ = {isa = PBXFileReference; lastKnownFileType = text; name = day_09.test_input; path = input/day_09.test_input; sourceTree = "<group>"; };
		66539A022B265C4100613227 /* day_10.test_input */ = {isa = PBXFileReference; lastKnownFileType = text; name = day_10.test_input; path = input/day_10.test_input; sourceTree = "<group>"; };
		66539A032B265C4100613227 /* day_10.test_input2 */ = {isa = PBXFileReference; lastKnownFileType = text; name = day_10.test_input2; path = input/day_10.test_input2; sourceTree = "<group>"; };
		66539A042B265C4100613227 /* day_10.input */ = {isa = PBXFileReference; lastKnownFileType = text; name = day_10.input; path = input/day_10.input; sourceTree = "<group>"; };
		66612A7F2B1A3A6E0056154B /* AdventOfCode */ = {isa = PBXFileReference; explicitFileType = "compiled.mach-o.executable"; includeInIndex = 0; path = AdventOfCode; sourceTree = BUILT_PRODUCTS_DIR; };
		66612A8A2B1A41890056154B /* day_01.input */ = {isa = PBXFileReference; lastKnownFileType = text; name = day_01.input; path = input/day_01.input; sourceTree = "<group>"; };
		66612A8B2B1A41890056154B /* day_01.test_input1 */ = {isa = PBXFileReference; lastKnownFileType = text; name = day_01.test_input1; path = input/day_01.test_input1; sourceTree = "<group>"; };
		66612A8C2B1A499A0056154B /* day_01.test_input2 */ = {isa = PBXFileReference; lastKnownFileType = text; name = day_01.test_input2; path = input/day_01.test_input2; sourceTree = "<group>"; };
		6667B87E2B22452900A528B5 /* day_07.test_input */ = {isa = PBXFileReference; lastKnownFileType = text; name = day_07.test_input; path = input/day_07.test_input; sourceTree = "<group>"; };
		6667B87F2B22452900A528B5 /* day_07.input */ = {isa = PBXFileReference; lastKnownFileType = text; name = day_07.input; path = input/day_07.input; sourceTree = "<group>"; };
		6667B8852B2371F800A528B5 /* day_08.test_input */ = {isa = PBXFileReference; lastKnownFileType = text; name = day_08.test_input; path = input/day_08.test_input; sourceTree = "<group>"; };
		6667B8862B2371F800A528B5 /* day_08.input */ = {isa = PBXFileReference; lastKnownFileType = text; name = day_08.input; path = input/day_08.input; sourceTree = "<group>"; };
		6667B8872B237C8D00A528B5 /* day_08.test_input2 */ = {isa = PBXFileReference; lastKnownFileType = text; name = day_08.test_input2; path = input/day_08.test_input2; sourceTree = "<group>"; };
		6667B8882B237E7000A528B5 /* day_08.test_input3 */ = {isa = PBXFileReference; lastKnownFileType = text; name = day_08.test_input3; path = input/day_08.test_input3; sourceTree = "<group>"; };
		66797BE92B28B27400777948 /* day_10.test_input4 */ = {isa = PBXFileReference; lastKnownFileType = text; name = day_10.test_input4; path = input/day_10.test_input4; sourceTree = "<group>"; };
		66797BEA2B28B27400777948 /* day_10.test_input3 */ = {isa = PBXFileReference; lastKnownFileType = text; name = day_10.test_input3; path = input/day_10.test_input3; sourceTree = "<group>"; };
		66797BED2B28BC6500777948 /* day_11.test_input */ = {isa = PBXFileReference; lastKnownFileType = text; name = day_11.test_input; path = input/day_11.test_input; sourceTree = "<group>"; };
		66797BEE2B28BC6500777948 /* day_11.input */ = {isa = PBXFileReference; lastKnownFileType = text; name = day_11.input; path = input/day_11.input; sourceTree = "<group>"; };
		66797BF12B28E8EA00777948 /* day_12.test_input */ = {isa = PBXFileReference; lastKnownFileType = text; name = day_12.test_input; path = input/day_12.test_input; sourceTree = "<group>"; };
		66797BF22B28E8EA00777948 /* day_12.input */ = {isa = PBXFileReference; lastKnownFileType = text; name = day_12.input; path = input/day_12.input; sourceTree = "<group>"; };
		66797BF52B2A5C2C00777948 /* day_13.test_input */ = {isa = PBXFileReference; lastKnownFileType = text; name = day_13.test_input; path = input/day_13.test_input; sourceTree = "<group>"; };
		66797BF62B2A5C2C00777948 /* day_13.input */ = {isa = PBXFileReference; lastKnownFileType = text; name = day_13.input; path = input/day_13.input; sourceTree = "<group>"; };
		66797C042B2A5ECB00777948 /* day_13.cpp */ = {isa = PBXFileReference; fileEncoding = 4; lastKnownFileType = sourcecode.cpp.cpp; name = day_13.cpp; path = AdventOfCode/day_13.cpp; sourceTree = "<group>"; };
		66797C062B2A5EE200777948 /* day_01.cpp */ = {isa = PBXFileReference; fileEncoding = 4; lastKnownFileType = sourcecode.cpp.cpp; name = day_01.cpp; path = AdventOfCode/day_01.cpp; sourceTree = "<group>"; };
		66797C082B2A5EFA00777948 /* day_04.cpp */ = {isa = PBXFileReference; fileEncoding = 4; lastKnownFileType = sourcecode.cpp.cpp; name = day_04.cpp; path = AdventOfCode/day_04.cpp; sourceTree = "<group>"; };
		66797C092B2A5EFA00777948 /* day_11.cpp */ = {isa = PBXFileReference; fileEncoding = 4; lastKnownFileType = sourcecode.cpp.cpp; name = day_11.cpp; path = AdventOfCode/day_11.cpp; sourceTree = "<group>"; };
		66797C0A2B2A5EFA00777948 /* day_05.cpp */ = {isa = PBXFileReference; fileEncoding = 4; lastKnownFileType = sourcecode.cpp.cpp; name = day_05.cpp; path = AdventOfCode/day_05.cpp; sourceTree = "<group>"; };
		66797C0B2B2A5EFA00777948 /* day_02.cpp */ = {isa = PBXFileReference; fileEncoding = 4; lastKnownFileType = sourcecode.cpp.cpp; name = day_02.cpp; path = AdventOfCode/day_02.cpp; sourceTree = "<group>"; };
		66797C0C2B2A5EFA00777948 /* day_07.cpp */ = {isa = PBXFileReference; fileEncoding = 4; lastKnownFileType = sourcecode.cpp.cpp; name = day_07.cpp; path = AdventOfCode/day_07.cpp; sourceTree = "<group>"; };
		66797C0D2B2A5EFA00777948 /* day_12.cpp */ = {isa = PBXFileReference; fileEncoding = 4; lastKnownFileType = sourcecode.cpp.cpp; name = day_12.cpp; path = AdventOfCode/day_12.cpp; sourceTree = "<group>"; };
		66797C0E2B2A5EFA00777948 /* day_08.cpp */ = {isa = PBXFileReference; fileEncoding = 4; lastKnownFileType = sourcecode.cpp.cpp; name = day_08.cpp; path = AdventOfCode/day_08.cpp; sourceTree = "<group>"; };
		66797C0F2B2A5EFA00777948 /* day_06.cpp */ = {isa = PBXFileReference; fileEncoding = 4; lastKnownFileType = sourcecode.cpp.cpp; name = day_06.cpp; path = AdventOfCode/day_06.cpp; sourceTree = "<group>"; };
		66797C102B2A5EFB00777948 /* day_03.cpp */ = {isa = PBXFileReference; fileEncoding = 4; lastKnownFileType = sourcecode.cpp.cpp; name = day_03.cpp; path = AdventOfCode/day_03.cpp; sourceTree = "<group>"; };
		66797C112B2A5EFB00777948 /* day_09.cpp */ = {isa = PBXFileReference; fileEncoding = 4; lastKnownFileType = sourcecode.cpp.cpp; name = day_09.cpp; path = AdventOfCode/day_09.cpp; sourceTree = "<group>"; };
		66797C122B2A5EFB00777948 /* day_10.cpp */ = {isa = PBXFileReference; fileEncoding = 4; lastKnownFileType = sourcecode.cpp.cpp; name = day_10.cpp; path = AdventOfCode/day_10.cpp; sourceTree = "<group>"; };
		66C3F1DC2B1E6C6A00016D2F /* day_04.input */ = {isa = PBXFileReference; lastKnownFileType = text; name = day_04.input; path = input/day_04.input; sourceTree = "<group>"; };
		66C3F1DD2B1E6C6A00016D2F /* day_04.test_input */ = {isa = PBXFileReference; lastKnownFileType = text; name = day_04.test_input; path = input/day_04.test_input; sourceTree = "<group>"; };
		66C3F1E02B1FB02E00016D2F /* day_05.input */ = {isa = PBXFileReference; lastKnownFileType = text; name = day_05.input; path = input/day_05.input; sourceTree = "<group>"; };
		66C3F1E12B1FB02E00016D2F /* day_05.test_input */ = {isa = PBXFileReference; lastKnownFileType = text; name = day_05.test_input; path = input/day_05.test_input; sourceTree = "<group>"; };
		66C3F1E22B20B4A500016D2F /* day_06.test_input */ = {isa = PBXFileReference; lastKnownFileType = text; name = day_06.test_input; path = input/day_06.test_input; sourceTree = "<group>"; };
		66C3F1E32B20B4A500016D2F /* day_06.input */ = {isa = PBXFileReference; lastKnownFileType = text; name = day_06.input; path = input/day_06.input; sourceTree = "<group>"; };
		66E7E7FF2B1BD6700098BABD /* main.cpp */ = {isa = PBXFileReference; lastKnownFileType = sourcecode.cpp.cpp; path = main.cpp; sourceTree = "<group>"; };
		66E7E8012B1BD68B0098BABD /* advent_of_code.h */ = {isa = PBXFileReference; lastKnownFileType = sourcecode.c.h; path = advent_of_code.h; sourceTree = "<group>"; };
		66E7E8042B1BDD560098BABD /* day_02.input */ = {isa = PBXFileReference; lastKnownFileType = text; name = day_02.input; path = input/day_02.input; sourceTree = "<group>"; };
		66E7E8052B1BDD560098BABD /* day_02.test_input1 */ = {isa = PBXFileReference; lastKnownFileType = text; name = day_02.test_input1; path = input/day_02.test_input1; sourceTree = "<group>"; };
		66E7E8062B1C2DD90098BABD /* advent_of_code.cpp */ = {isa = PBXFileReference; lastKnownFileType = sourcecode.cpp.cpp; path = advent_of_code.cpp; sourceTree = "<group>"; };
		66E7E80A2B1D3CE30098BABD /* day_03.test_input */ = {isa = PBXFileReference; lastKnownFileType = text; name = day_03.test_input; path = input/day_03.test_input; sourceTree = "<group>"; };
		66E7E80B2B1D3CE30098BABD /* day_03.input */ = {isa = PBXFileReference; lastKnownFileType = text; name = day_03.input; path = input/day_03.input; sourceTree = "<group>"; };
/* End PBXFileReference section */

/* Begin PBXFrameworksBuildPhase section */
		66612A7C2B1A3A6E0056154B /* Frameworks */ = {
			isa = PBXFrameworksBuildPhase;
			buildActionMask = 2147483647;
			files = (
			);
			runOnlyForDeploymentPostprocessing = 0;
		};
/* End PBXFrameworksBuildPhase section */

/* Begin PBXGroup section */
		66612A762B1A3A6E0056154B = {
			isa = PBXGroup;
			children = (
				66797C032B2A5DFF00777948 /* Day 13 */,
				66797C022B2A5DF900777948 /* Day 12 */,
				66797C012B2A5DF400777948 /* Day 11 */,
				66797C002B2A5DEF00777948 /* Day 10 */,
				66797BFF2B2A5DE800777948 /* Day 09 */,
				66797BFE2B2A5DE300777948 /* Day 08 */,
				66797BFD2B2A5DDA00777948 /* Day 07 */,
				66797BFC2B2A5DD200777948 /* Day 06 */,
				66797BFB2B2A5DCC00777948 /* Day 05 */,
				66797BFA2B2A5DC500777948 /* Day 04 */,
				66797BF92B2A5DBB00777948 /* Day 03 */,
				66797BF82B2A5DB300777948 /* Day 02 */,
				66797BF72B2A5D5B00777948 /* Day 01 */,
				66612A812B1A3A6E0056154B /* AdventOfCode */,
				66612A802B1A3A6E0056154B /* Products */,
			);
			sourceTree = "<group>";
		};
		66612A802B1A3A6E0056154B /* Products */ = {
			isa = PBXGroup;
			children = (
				66612A7F2B1A3A6E0056154B /* AdventOfCode */,
			);
			name = Products;
			sourceTree = "<group>";
		};
		66612A812B1A3A6E0056154B /* AdventOfCode */ = {
			isa = PBXGroup;
			children = (
				66E7E7FF2B1BD6700098BABD /* main.cpp */,
				66E7E8062B1C2DD90098BABD /* advent_of_code.cpp */,
				66E7E8012B1BD68B0098BABD /* advent_of_code.h */,
			);
			path = AdventOfCode;
			sourceTree = "<group>";
		};
		66797BF72B2A5D5B00777948 /* Day 01 */ = {
			isa = PBXGroup;
			children = (
				66797C062B2A5EE200777948 /* day_01.cpp */,
				66612A8A2B1A41890056154B /* day_01.input */,
				66612A8B2B1A41890056154B /* day_01.test_input1 */,
				66612A8C2B1A499A0056154B /* day_01.test_input2 */,
			);
			name = "Day 01";
			sourceTree = "<group>";
		};
		66797BF82B2A5DB300777948 /* Day 02 */ = {
			isa = PBXGroup;
			children = (
				66797C0B2B2A5EFA00777948 /* day_02.cpp */,
				66E7E8042B1BDD560098BABD /* day_02.input */,
				66E7E8052B1BDD560098BABD /* day_02.test_input1 */,
			);
			name = "Day 02";
			sourceTree = "<group>";
		};
		66797BF92B2A5DBB00777948 /* Day 03 */ = {
			isa = PBXGroup;
			children = (
				66797C102B2A5EFB00777948 /* day_03.cpp */,
				66E7E80B2B1D3CE30098BABD /* day_03.input */,
				66E7E80A2B1D3CE30098BABD /* day_03.test_input */,
			);
			name = "Day 03";
			sourceTree = "<group>";
		};
		66797BFA2B2A5DC500777948 /* Day 04 */ = {
			isa = PBXGroup;
			children = (
				66797C082B2A5EFA00777948 /* day_04.cpp */,
				66C3F1DC2B1E6C6A00016D2F /* day_04.input */,
				66C3F1DD2B1E6C6A00016D2F /* day_04.test_input */,
			);
			name = "Day 04";
			sourceTree = "<group>";
		};
		66797BFB2B2A5DCC00777948 /* Day 05 */ = {
			isa = PBXGroup;
			children = (
				66797C0A2B2A5EFA00777948 /* day_05.cpp */,
				66C3F1E02B1FB02E00016D2F /* day_05.input */,
				66C3F1E12B1FB02E00016D2F /* day_05.test_input */,
			);
			name = "Day 05";
			sourceTree = "<group>";
		};
		66797BFC2B2A5DD200777948 /* Day 06 */ = {
			isa = PBXGroup;
			children = (
				66797C0F2B2A5EFA00777948 /* day_06.cpp */,
				66C3F1E32B20B4A500016D2F /* day_06.input */,
				66C3F1E22B20B4A500016D2F /* day_06.test_input */,
			);
			name = "Day 06";
			sourceTree = "<group>";
		};
		66797BFD2B2A5DDA00777948 /* Day 07 */ = {
			isa = PBXGroup;
			children = (
				66797C0C2B2A5EFA00777948 /* day_07.cpp */,
				6667B87F2B22452900A528B5 /* day_07.input */,
				6667B87E2B22452900A528B5 /* day_07.test_input */,
			);
			name = "Day 07";
			sourceTree = "<group>";
		};
		66797BFE2B2A5DE300777948 /* Day 08 */ = {
			isa = PBXGroup;
			children = (
				66797C0E2B2A5EFA00777948 /* day_08.cpp */,
				6667B8862B2371F800A528B5 /* day_08.input */,
				6667B8852B2371F800A528B5 /* day_08.test_input */,
				6667B8872B237C8D00A528B5 /* day_08.test_input2 */,
				6667B8882B237E7000A528B5 /* day_08.test_input3 */,
			);
			name = "Day 08";
			sourceTree = "<group>";
		};
		66797BFF2B2A5DE800777948 /* Day 09 */ = {
			isa = PBXGroup;
			children = (
				66797C112B2A5EFB00777948 /* day_09.cpp */,
				665399FE2B25211A00613227 /* day_09.input */,
				665399FF2B25211A00613227 /* day_09.test_input */,
			);
			name = "Day 09";
			sourceTree = "<group>";
		};
		66797C002B2A5DEF00777948 /* Day 10 */ = {
			isa = PBXGroup;
			children = (
				66797C122B2A5EFB00777948 /* day_10.cpp */,
				66539A042B265C4100613227 /* day_10.input */,
				66539A022B265C4100613227 /* day_10.test_input */,
				66539A032B265C4100613227 /* day_10.test_input2 */,
				66797BEA2B28B27400777948 /* day_10.test_input3 */,
				66797BE92B28B27400777948 /* day_10.test_input4 */,
			);
			name = "Day 10";
			sourceTree = "<group>";
		};
		66797C012B2A5DF400777948 /* Day 11 */ = {
			isa = PBXGroup;
			children = (
				66797C092B2A5EFA00777948 /* day_11.cpp */,
				66797BEE2B28BC6500777948 /* day_11.input */,
				66797BED2B28BC6500777948 /* day_11.test_input */,
			);
			name = "Day 11";
			sourceTree = "<group>";
		};
		66797C022B2A5DF900777948 /* Day 12 */ = {
			isa = PBXGroup;
			children = (
				66797C0D2B2A5EFA00777948 /* day_12.cpp */,
				66797BF22B28E8EA00777948 /* day_12.input */,
				66797BF12B28E8EA00777948 /* day_12.test_input */,
			);
			name = "Day 12";
			sourceTree = "<group>";
		};
		66797C032B2A5DFF00777948 /* Day 13 */ = {
			isa = PBXGroup;
			children = (
				66797C042B2A5ECB00777948 /* day_13.cpp */,
				66797BF62B2A5C2C00777948 /* day_13.input */,
				66797BF52B2A5C2C00777948 /* day_13.test_input */,
			);
			name = "Day 13";
			sourceTree = "<group>";
		};
/* End PBXGroup section */

/* Begin PBXNativeTarget section */
		66612A7E2B1A3A6E0056154B /* AdventOfCode */ = {
			isa = PBXNativeTarget;
			buildConfigurationList = 66612A862B1A3A6E0056154B /* Build configuration list for PBXNativeTarget "AdventOfCode" */;
			buildPhases = (
				66612A7B2B1A3A6E0056154B /* Sources */,
				66612A7C2B1A3A6E0056154B /* Frameworks */,
				66612A7D2B1A3A6E0056154B /* CopyFiles */,
			);
			buildRules = (
			);
			dependencies = (
			);
			name = AdventOfCode;
			productName = AdventOfCode;
			productReference = 66612A7F2B1A3A6E0056154B /* AdventOfCode */;
			productType = "com.apple.product-type.tool";
		};
/* End PBXNativeTarget section */

/* Begin PBXProject section */
		66612A772B1A3A6E0056154B /* Project object */ = {
			isa = PBXProject;
			attributes = {
				BuildIndependentTargetsInParallel = 1;
				LastUpgradeCheck = 1500;
				TargetAttributes = {
					66612A7E2B1A3A6E0056154B = {
						CreatedOnToolsVersion = 15.0;
					};
				};
			};
			buildConfigurationList = 66612A7A2B1A3A6E0056154B /* Build configuration list for PBXProject "AdventOfCode" */;
			compatibilityVersion = "Xcode 14.0";
			developmentRegion = en;
			hasScannedForEncodings = 0;
			knownRegions = (
				en,
				Base,
			);
			mainGroup = 66612A762B1A3A6E0056154B;
			productRefGroup = 66612A802B1A3A6E0056154B /* Products */;
			projectDirPath = "";
			projectRoot = "";
			targets = (
				66612A7E2B1A3A6E0056154B /* AdventOfCode */,
			);
		};
/* End PBXProject section */

/* Begin PBXSourcesBuildPhase section */
		66612A7B2B1A3A6E0056154B /* Sources */ = {
			isa = PBXSourcesBuildPhase;
			buildActionMask = 2147483647;
			files = (
				66797C132B2A5EFB00777948 /* day_04.cpp in Sources */,
				66797C1C2B2A5EFB00777948 /* day_09.cpp in Sources */,
				66E7E8002B1BD6700098BABD /* main.cpp in Sources */,
				66797C182B2A5EFB00777948 /* day_12.cpp in Sources */,
				66797C192B2A5EFB00777948 /* day_08.cpp in Sources */,
				66797C142B2A5EFB00777948 /* day_11.cpp in Sources */,
				66797C072B2A5EE200777948 /* day_01.cpp in Sources */,
				66797C1A2B2A5EFB00777948 /* day_06.cpp in Sources */,
				66797C052B2A5ECB00777948 /* day_13.cpp in Sources */,
				66797C1B2B2A5EFB00777948 /* day_03.cpp in Sources */,
				66797C152B2A5EFB00777948 /* day_05.cpp in Sources */,
				66797C1D2B2A5EFB00777948 /* day_10.cpp in Sources */,
				66797C162B2A5EFB00777948 /* day_02.cpp in Sources */,
				66797C172B2A5EFB00777948 /* day_07.cpp in Sources */,
				66E7E8072B1C2DD90098BABD /* advent_of_code.cpp in Sources */,
			);
			runOnlyForDeploymentPostprocessing = 0;
		};
/* End PBXSourcesBuildPhase section */

/* Begin XCBuildConfiguration section */
		66612A842B1A3A6E0056154B /* Debug */ = {
			isa = XCBuildConfiguration;
			buildSettings = {
				ALWAYS_SEARCH_USER_PATHS = NO;
				ASSETCATALOG_COMPILER_GENERATE_SWIFT_ASSET_SYMBOL_EXTENSIONS = YES;
				CLANG_ANALYZER_NONNULL = YES;
				CLANG_ANALYZER_NUMBER_OBJECT_CONVERSION = YES_AGGRESSIVE;
				CLANG_CXX_LANGUAGE_STANDARD = "gnu++20";
				CLANG_ENABLE_MODULES = YES;
				CLANG_ENABLE_OBJC_ARC = YES;
				CLANG_ENABLE_OBJC_WEAK = YES;
				CLANG_WARN_BLOCK_CAPTURE_AUTORELEASING = YES;
				CLANG_WARN_BOOL_CONVERSION = YES;
				CLANG_WARN_COMMA = YES;
				CLANG_WARN_CONSTANT_CONVERSION = YES;
				CLANG_WARN_DEPRECATED_OBJC_IMPLEMENTATIONS = YES;
				CLANG_WARN_DIRECT_OBJC_ISA_USAGE = YES_ERROR;
				CLANG_WARN_DOCUMENTATION_COMMENTS = YES;
				CLANG_WARN_EMPTY_BODY = YES;
				CLANG_WARN_ENUM_CONVERSION = YES;
				CLANG_WARN_INFINITE_RECURSION = YES;
				CLANG_WARN_INT_CONVERSION = YES;
				CLANG_WARN_NON_LITERAL_NULL_CONVERSION = YES;
				CLANG_WARN_OBJC_IMPLICIT_RETAIN_SELF = YES;
				CLANG_WARN_OBJC_LITERAL_CONVERSION = YES;
				CLANG_WARN_OBJC_ROOT_CLASS = YES_ERROR;
				CLANG_WARN_QUOTED_INCLUDE_IN_FRAMEWORK_HEADER = YES;
				CLANG_WARN_RANGE_LOOP_ANALYSIS = YES;
				CLANG_WARN_STRICT_PROTOTYPES = YES;
				CLANG_WARN_SUSPICIOUS_MOVE = YES;
				CLANG_WARN_UNGUARDED_AVAILABILITY = YES_AGGRESSIVE;
				CLANG_WARN_UNREACHABLE_CODE = YES;
				CLANG_WARN__DUPLICATE_METHOD_MATCH = YES;
				COPY_PHASE_STRIP = NO;
				DEBUG_INFORMATION_FORMAT = dwarf;
				ENABLE_STRICT_OBJC_MSGSEND = YES;
				ENABLE_TESTABILITY = YES;
				ENABLE_USER_SCRIPT_SANDBOXING = YES;
				GCC_C_LANGUAGE_STANDARD = gnu17;
				GCC_DYNAMIC_NO_PIC = NO;
				GCC_NO_COMMON_BLOCKS = YES;
				GCC_OPTIMIZATION_LEVEL = 0;
				GCC_PREPROCESSOR_DEFINITIONS = (
					"DEBUG=1",
					"$(inherited)",
				);
				GCC_WARN_64_TO_32_BIT_CONVERSION = YES;
				GCC_WARN_ABOUT_RETURN_TYPE = YES_ERROR;
				GCC_WARN_UNDECLARED_SELECTOR = YES;
				GCC_WARN_UNINITIALIZED_AUTOS = YES_AGGRESSIVE;
				GCC_WARN_UNUSED_FUNCTION = YES;
				GCC_WARN_UNUSED_VARIABLE = YES;
				LOCALIZATION_PREFERS_STRING_CATALOGS = YES;
				MACOSX_DEPLOYMENT_TARGET = 13.5;
				MTL_ENABLE_DEBUG_INFO = INCLUDE_SOURCE;
				MTL_FAST_MATH = YES;
				ONLY_ACTIVE_ARCH = YES;
				SDKROOT = macosx;
			};
			name = Debug;
		};
		66612A852B1A3A6E0056154B /* Release */ = {
			isa = XCBuildConfiguration;
			buildSettings = {
				ALWAYS_SEARCH_USER_PATHS = NO;
				ASSETCATALOG_COMPILER_GENERATE_SWIFT_ASSET_SYMBOL_EXTENSIONS = YES;
				CLANG_ANALYZER_NONNULL = YES;
				CLANG_ANALYZER_NUMBER_OBJECT_CONVERSION = YES_AGGRESSIVE;
				CLANG_CXX_LANGUAGE_STANDARD = "gnu++20";
				CLANG_ENABLE_MODULES = YES;
				CLANG_ENABLE_OBJC_ARC = YES;
				CLANG_ENABLE_OBJC_WEAK = YES;
				CLANG_WARN_BLOCK_CAPTURE_AUTORELEASING = YES;
				CLANG_WARN_BOOL_CONVERSION = YES;
				CLANG_WARN_COMMA = YES;
				CLANG_WARN_CONSTANT_CONVERSION = YES;
				CLANG_WARN_DEPRECATED_OBJC_IMPLEMENTATIONS = YES;
				CLANG_WARN_DIRECT_OBJC_ISA_USAGE = YES_ERROR;
				CLANG_WARN_DOCUMENTATION_COMMENTS = YES;
				CLANG_WARN_EMPTY_BODY = YES;
				CLANG_WARN_ENUM_CONVERSION = YES;
				CLANG_WARN_INFINITE_RECURSION = YES;
				CLANG_WARN_INT_CONVERSION = YES;
				CLANG_WARN_NON_LITERAL_NULL_CONVERSION = YES;
				CLANG_WARN_OBJC_IMPLICIT_RETAIN_SELF = YES;
				CLANG_WARN_OBJC_LITERAL_CONVERSION = YES;
				CLANG_WARN_OBJC_ROOT_CLASS = YES_ERROR;
				CLANG_WARN_QUOTED_INCLUDE_IN_FRAMEWORK_HEADER = YES;
				CLANG_WARN_RANGE_LOOP_ANALYSIS = YES;
				CLANG_WARN_STRICT_PROTOTYPES = YES;
				CLANG_WARN_SUSPICIOUS_MOVE = YES;
				CLANG_WARN_UNGUARDED_AVAILABILITY = YES_AGGRESSIVE;
				CLANG_WARN_UNREACHABLE_CODE = YES;
				CLANG_WARN__DUPLICATE_METHOD_MATCH = YES;
				COPY_PHASE_STRIP = NO;
				DEBUG_INFORMATION_FORMAT = "dwarf-with-dsym";
				ENABLE_NS_ASSERTIONS = NO;
				ENABLE_STRICT_OBJC_MSGSEND = YES;
				ENABLE_USER_SCRIPT_SANDBOXING = YES;
				GCC_C_LANGUAGE_STANDARD = gnu17;
				GCC_NO_COMMON_BLOCKS = YES;
				GCC_WARN_64_TO_32_BIT_CONVERSION = YES;
				GCC_WARN_ABOUT_RETURN_TYPE = YES_ERROR;
				GCC_WARN_UNDECLARED_SELECTOR = YES;
				GCC_WARN_UNINITIALIZED_AUTOS = YES_AGGRESSIVE;
				GCC_WARN_UNUSED_FUNCTION = YES;
				GCC_WARN_UNUSED_VARIABLE = YES;
				LOCALIZATION_PREFERS_STRING_CATALOGS = YES;
				MACOSX_DEPLOYMENT_TARGET = 13.5;
				MTL_ENABLE_DEBUG_INFO = NO;
				MTL_FAST_MATH = YES;
				SDKROOT = macosx;
			};
			name = Release;
		};
		66612A872B1A3A6E0056154B /* Debug */ = {
			isa = XCBuildConfiguration;
			buildSettings = {
				CODE_SIGN_STYLE = Automatic;
				DEVELOPMENT_TEAM = B47EZERG93;
				ENABLE_HARDENED_RUNTIME = YES;
				PRODUCT_NAME = "$(TARGET_NAME)";
			};
			name = Debug;
		};
		66612A882B1A3A6E0056154B /* Release */ = {
			isa = XCBuildConfiguration;
			buildSettings = {
				CODE_SIGN_STYLE = Automatic;
				DEVELOPMENT_TEAM = B47EZERG93;
				ENABLE_HARDENED_RUNTIME = YES;
				PRODUCT_NAME = "$(TARGET_NAME)";
			};
			name = Release;
		};
/* End XCBuildConfiguration section */

/* Begin XCConfigurationList section */
		66612A7A2B1A3A6E0056154B /* Build configuration list for PBXProject "AdventOfCode" */ = {
			isa = XCConfigurationList;
			buildConfigurations = (
				66612A842B1A3A6E0056154B /* Debug */,
				66612A852B1A3A6E0056154B /* Release */,
			);
			defaultConfigurationIsVisible = 0;
			defaultConfigurationName = Release;
		};
		66612A862B1A3A6E0056154B /* Build configuration list for PBXNativeTarget "AdventOfCode" */ = {
			isa = XCConfigurationList;
			buildConfigurations = (
				66612A872B1A3A6E0056154B /* Debug */,
				66612A882B1A3A6E0056154B /* Release */,
			);
			defaultConfigurationIsVisible = 0;
			defaultConfigurationName = Release;
		};
/* End XCConfigurationList section */
	};
	rootObject = 66612A772B1A3A6E0056154B /* Project object */;
}
