// !$*UTF8*$!
{
	archiveVersion = 1;
	classes = {
	};
	objectVersion = 56;
	objects = {

/* Begin PBXBuildFile section */
		66A7DCDE2CFE4AC400DA1C6E /* advent_of_code.cpp in Sources */ = {isa = PBXBuildFile; fileRef = 66A7DCD82CFE49FA00DA1C6E /* advent_of_code.cpp */; };
		66A7DCE12CFE4B5000DA1C6E /* main.cpp in Sources */ = {isa = PBXBuildFile; fileRef = 66A7DCE02CFE4B5000DA1C6E /* main.cpp */; };
		66A7DCE32CFE4B6100DA1C6E /* day_25.cpp in Sources */ = {isa = PBXBuildFile; fileRef = 66A7DCE22CFE4B6100DA1C6E /* day_25.cpp */; };
		66A7DCFC2CFE4B6B00DA1C6E /* day_04.cpp in Sources */ = {isa = PBXBuildFile; fileRef = 66A7DCE42CFE4B6A00DA1C6E /* day_04.cpp */; };
		66A7DCFD2CFE4B6B00DA1C6E /* day_05.cpp in Sources */ = {isa = PBXBuildFile; fileRef = 66A7DCE52CFE4B6A00DA1C6E /* day_05.cpp */; };
		66A7DCFE2CFE4B6B00DA1C6E /* day_12.cpp in Sources */ = {isa = PBXBuildFile; fileRef = 66A7DCE62CFE4B6A00DA1C6E /* day_12.cpp */; };
		66A7DCFF2CFE4B6B00DA1C6E /* day_02.cpp in Sources */ = {isa = PBXBuildFile; fileRef = 66A7DCE72CFE4B6A00DA1C6E /* day_02.cpp */; };
		66A7DD002CFE4B6B00DA1C6E /* day_08.cpp in Sources */ = {isa = PBXBuildFile; fileRef = 66A7DCE82CFE4B6A00DA1C6E /* day_08.cpp */; };
		66A7DD012CFE4B6B00DA1C6E /* day_10.cpp in Sources */ = {isa = PBXBuildFile; fileRef = 66A7DCE92CFE4B6A00DA1C6E /* day_10.cpp */; };
		66A7DD022CFE4B6B00DA1C6E /* day_11.cpp in Sources */ = {isa = PBXBuildFile; fileRef = 66A7DCEA2CFE4B6A00DA1C6E /* day_11.cpp */; };
		66A7DD032CFE4B6B00DA1C6E /* day_17.cpp in Sources */ = {isa = PBXBuildFile; fileRef = 66A7DCEB2CFE4B6A00DA1C6E /* day_17.cpp */; };
		66A7DD042CFE4B6B00DA1C6E /* day_09.cpp in Sources */ = {isa = PBXBuildFile; fileRef = 66A7DCEC2CFE4B6A00DA1C6E /* day_09.cpp */; };
		66A7DD052CFE4B6B00DA1C6E /* day_13.cpp in Sources */ = {isa = PBXBuildFile; fileRef = 66A7DCED2CFE4B6A00DA1C6E /* day_13.cpp */; };
		66A7DD062CFE4B6B00DA1C6E /* day_01.cpp in Sources */ = {isa = PBXBuildFile; fileRef = 66A7DCEE2CFE4B6A00DA1C6E /* day_01.cpp */; };
		66A7DD072CFE4B6B00DA1C6E /* day_14.cpp in Sources */ = {isa = PBXBuildFile; fileRef = 66A7DCEF2CFE4B6A00DA1C6E /* day_14.cpp */; };
		66A7DD082CFE4B6B00DA1C6E /* day_18.cpp in Sources */ = {isa = PBXBuildFile; fileRef = 66A7DCF02CFE4B6A00DA1C6E /* day_18.cpp */; };
		66A7DD092CFE4B6B00DA1C6E /* day_19.cpp in Sources */ = {isa = PBXBuildFile; fileRef = 66A7DCF12CFE4B6B00DA1C6E /* day_19.cpp */; };
		66A7DD0A2CFE4B6B00DA1C6E /* day_23.cpp in Sources */ = {isa = PBXBuildFile; fileRef = 66A7DCF22CFE4B6B00DA1C6E /* day_23.cpp */; };
		66A7DD0B2CFE4B6C00DA1C6E /* day_16.cpp in Sources */ = {isa = PBXBuildFile; fileRef = 66A7DCF32CFE4B6B00DA1C6E /* day_16.cpp */; };
		66A7DD0C2CFE4B6C00DA1C6E /* day_07.cpp in Sources */ = {isa = PBXBuildFile; fileRef = 66A7DCF42CFE4B6B00DA1C6E /* day_07.cpp */; };
		66A7DD0D2CFE4B6C00DA1C6E /* day_06.cpp in Sources */ = {isa = PBXBuildFile; fileRef = 66A7DCF52CFE4B6B00DA1C6E /* day_06.cpp */; };
		66A7DD0E2CFE4B6C00DA1C6E /* day_03.cpp in Sources */ = {isa = PBXBuildFile; fileRef = 66A7DCF62CFE4B6B00DA1C6E /* day_03.cpp */; };
		66A7DD0F2CFE4B6C00DA1C6E /* day_21.cpp in Sources */ = {isa = PBXBuildFile; fileRef = 66A7DCF72CFE4B6B00DA1C6E /* day_21.cpp */; };
		66A7DD102CFE4B6C00DA1C6E /* day_20.cpp in Sources */ = {isa = PBXBuildFile; fileRef = 66A7DCF82CFE4B6B00DA1C6E /* day_20.cpp */; };
		66A7DD112CFE4B6C00DA1C6E /* day_15.cpp in Sources */ = {isa = PBXBuildFile; fileRef = 66A7DCF92CFE4B6B00DA1C6E /* day_15.cpp */; };
		66A7DD122CFE4B6C00DA1C6E /* day_24.cpp in Sources */ = {isa = PBXBuildFile; fileRef = 66A7DCFA2CFE4B6B00DA1C6E /* day_24.cpp */; };
		66A7DD132CFE4B6C00DA1C6E /* day_22.cpp in Sources */ = {isa = PBXBuildFile; fileRef = 66A7DCFB2CFE4B6B00DA1C6E /* day_22.cpp */; };
		66A7DD5F2CFE528600DA1C6E /* day_01_2024.cpp in Sources */ = {isa = PBXBuildFile; fileRef = 66A7DD5E2CFE528600DA1C6E /* day_01_2024.cpp */; };
		66CEE4B72CFFAEF100573BDC /* day_02_2024.cpp in Sources */ = {isa = PBXBuildFile; fileRef = 66CEE4B62CFFAEF100573BDC /* day_02_2024.cpp */; };
		66CEE4BC2CFFC4FC00573BDC /* day_03_2024.cpp in Sources */ = {isa = PBXBuildFile; fileRef = 66CEE4BB2CFFC4FC00573BDC /* day_03_2024.cpp */; };
/* End PBXBuildFile section */

/* Begin PBXCopyFilesBuildPhase section */
		66612A7D2B1A3A6E0056154B /* CopyFiles */ = {
			isa = PBXCopyFilesBuildPhase;
			buildActionMask = 2147483647;
			dstPath = /usr/share/man/man1/;
			dstSubfolderSpec = 0;
			files = (
			);
			runOnlyForDeploymentPostprocessing = 1;
		};
/* End PBXCopyFilesBuildPhase section */

/* Begin PBXFileReference section */
		66612A7F2B1A3A6E0056154B /* AdventOfCode */ = {isa = PBXFileReference; explicitFileType = "compiled.mach-o.executable"; includeInIndex = 0; path = AdventOfCode; sourceTree = BUILT_PRODUCTS_DIR; };
		66A7DCD82CFE49FA00DA1C6E /* advent_of_code.cpp */ = {isa = PBXFileReference; fileEncoding = 4; lastKnownFileType = sourcecode.cpp.cpp; name = advent_of_code.cpp; path = util/advent_of_code.cpp; sourceTree = "<group>"; };
		66A7DCD92CFE49FA00DA1C6E /* advent_of_code.h */ = {isa = PBXFileReference; fileEncoding = 4; lastKnownFileType = sourcecode.c.h; name = advent_of_code.h; path = util/advent_of_code.h; sourceTree = "<group>"; };
		66A7DCE02CFE4B5000DA1C6E /* main.cpp */ = {isa = PBXFileReference; fileEncoding = 4; lastKnownFileType = sourcecode.cpp.cpp; name = main.cpp; path = 2023/main.cpp; sourceTree = "<group>"; };
		66A7DCE22CFE4B6100DA1C6E /* day_25.cpp */ = {isa = PBXFileReference; fileEncoding = 4; lastKnownFileType = sourcecode.cpp.cpp; name = day_25.cpp; path = 2023/day_25.cpp; sourceTree = "<group>"; };
		66A7DCE42CFE4B6A00DA1C6E /* day_04.cpp */ = {isa = PBXFileReference; fileEncoding = 4; lastKnownFileType = sourcecode.cpp.cpp; name = day_04.cpp; path = 2023/day_04.cpp; sourceTree = "<group>"; };
		66A7DCE52CFE4B6A00DA1C6E /* day_05.cpp */ = {isa = PBXFileReference; fileEncoding = 4; lastKnownFileType = sourcecode.cpp.cpp; name = day_05.cpp; path = 2023/day_05.cpp; sourceTree = "<group>"; };
		66A7DCE62CFE4B6A00DA1C6E /* day_12.cpp */ = {isa = PBXFileReference; fileEncoding = 4; lastKnownFileType = sourcecode.cpp.cpp; name = day_12.cpp; path = 2023/day_12.cpp; sourceTree = "<group>"; };
		66A7DCE72CFE4B6A00DA1C6E /* day_02.cpp */ = {isa = PBXFileReference; fileEncoding = 4; lastKnownFileType = sourcecode.cpp.cpp; name = day_02.cpp; path = 2023/day_02.cpp; sourceTree = "<group>"; };
		66A7DCE82CFE4B6A00DA1C6E /* day_08.cpp */ = {isa = PBXFileReference; fileEncoding = 4; lastKnownFileType = sourcecode.cpp.cpp; name = day_08.cpp; path = 2023/day_08.cpp; sourceTree = "<group>"; };
		66A7DCE92CFE4B6A00DA1C6E /* day_10.cpp */ = {isa = PBXFileReference; fileEncoding = 4; lastKnownFileType = sourcecode.cpp.cpp; name = day_10.cpp; path = 2023/day_10.cpp; sourceTree = "<group>"; };
		66A7DCEA2CFE4B6A00DA1C6E /* day_11.cpp */ = {isa = PBXFileReference; fileEncoding = 4; lastKnownFileType = sourcecode.cpp.cpp; name = day_11.cpp; path = 2023/day_11.cpp; sourceTree = "<group>"; };
		66A7DCEB2CFE4B6A00DA1C6E /* day_17.cpp */ = {isa = PBXFileReference; fileEncoding = 4; lastKnownFileType = sourcecode.cpp.cpp; name = day_17.cpp; path = 2023/day_17.cpp; sourceTree = "<group>"; };
		66A7DCEC2CFE4B6A00DA1C6E /* day_09.cpp */ = {isa = PBXFileReference; fileEncoding = 4; lastKnownFileType = sourcecode.cpp.cpp; name = day_09.cpp; path = 2023/day_09.cpp; sourceTree = "<group>"; };
		66A7DCED2CFE4B6A00DA1C6E /* day_13.cpp */ = {isa = PBXFileReference; fileEncoding = 4; lastKnownFileType = sourcecode.cpp.cpp; name = day_13.cpp; path = 2023/day_13.cpp; sourceTree = "<group>"; };
		66A7DCEE2CFE4B6A00DA1C6E /* day_01.cpp */ = {isa = PBXFileReference; fileEncoding = 4; lastKnownFileType = sourcecode.cpp.cpp; name = day_01.cpp; path = 2023/day_01.cpp; sourceTree = "<group>"; };
		66A7DCEF2CFE4B6A00DA1C6E /* day_14.cpp */ = {isa = PBXFileReference; fileEncoding = 4; lastKnownFileType = sourcecode.cpp.cpp; name = day_14.cpp; path = 2023/day_14.cpp; sourceTree = "<group>"; };
		66A7DCF02CFE4B6A00DA1C6E /* day_18.cpp */ = {isa = PBXFileReference; fileEncoding = 4; lastKnownFileType = sourcecode.cpp.cpp; name = day_18.cpp; path = 2023/day_18.cpp; sourceTree = "<group>"; };
		66A7DCF12CFE4B6B00DA1C6E /* day_19.cpp */ = {isa = PBXFileReference; fileEncoding = 4; lastKnownFileType = sourcecode.cpp.cpp; name = day_19.cpp; path = 2023/day_19.cpp; sourceTree = "<group>"; };
		66A7DCF22CFE4B6B00DA1C6E /* day_23.cpp */ = {isa = PBXFileReference; fileEncoding = 4; lastKnownFileType = sourcecode.cpp.cpp; name = day_23.cpp; path = 2023/day_23.cpp; sourceTree = "<group>"; };
		66A7DCF32CFE4B6B00DA1C6E /* day_16.cpp */ = {isa = PBXFileReference; fileEncoding = 4; lastKnownFileType = sourcecode.cpp.cpp; name = day_16.cpp; path = 2023/day_16.cpp; sourceTree = "<group>"; };
		66A7DCF42CFE4B6B00DA1C6E /* day_07.cpp */ = {isa = PBXFileReference; fileEncoding = 4; lastKnownFileType = sourcecode.cpp.cpp; name = day_07.cpp; path = 2023/day_07.cpp; sourceTree = "<group>"; };
		66A7DCF52CFE4B6B00DA1C6E /* day_06.cpp */ = {isa = PBXFileReference; fileEncoding = 4; lastKnownFileType = sourcecode.cpp.cpp; name = day_06.cpp; path = 2023/day_06.cpp; sourceTree = "<group>"; };
		66A7DCF62CFE4B6B00DA1C6E /* day_03.cpp */ = {isa = PBXFileReference; fileEncoding = 4; lastKnownFileType = sourcecode.cpp.cpp; name = day_03.cpp; path = 2023/day_03.cpp; sourceTree = "<group>"; };
		66A7DCF72CFE4B6B00DA1C6E /* day_21.cpp */ = {isa = PBXFileReference; fileEncoding = 4; lastKnownFileType = sourcecode.cpp.cpp; name = day_21.cpp; path = 2023/day_21.cpp; sourceTree = "<group>"; };
		66A7DCF82CFE4B6B00DA1C6E /* day_20.cpp */ = {isa = PBXFileReference; fileEncoding = 4; lastKnownFileType = sourcecode.cpp.cpp; name = day_20.cpp; path = 2023/day_20.cpp; sourceTree = "<group>"; };
		66A7DCF92CFE4B6B00DA1C6E /* day_15.cpp */ = {isa = PBXFileReference; fileEncoding = 4; lastKnownFileType = sourcecode.cpp.cpp; name = day_15.cpp; path = 2023/day_15.cpp; sourceTree = "<group>"; };
		66A7DCFA2CFE4B6B00DA1C6E /* day_24.cpp */ = {isa = PBXFileReference; fileEncoding = 4; lastKnownFileType = sourcecode.cpp.cpp; name = day_24.cpp; path = 2023/day_24.cpp; sourceTree = "<group>"; };
		66A7DCFB2CFE4B6B00DA1C6E /* day_22.cpp */ = {isa = PBXFileReference; fileEncoding = 4; lastKnownFileType = sourcecode.cpp.cpp; name = day_22.cpp; path = 2023/day_22.cpp; sourceTree = "<group>"; };
		66A7DD142CFE4C1000DA1C6E /* day_01.test_input1 */ = {isa = PBXFileReference; lastKnownFileType = text; name = day_01.test_input1; path = 2023/input/day_01.test_input1; sourceTree = "<group>"; };
		66A7DD152CFE4C1000DA1C6E /* day_01.test_input2 */ = {isa = PBXFileReference; lastKnownFileType = text; name = day_01.test_input2; path = 2023/input/day_01.test_input2; sourceTree = "<group>"; };
		66A7DD162CFE4C1000DA1C6E /* day_01.input */ = {isa = PBXFileReference; lastKnownFileType = text; name = day_01.input; path = 2023/input/day_01.input; sourceTree = "<group>"; };
		66A7DD182CFE4CC900DA1C6E /* day_03.input */ = {isa = PBXFileReference; lastKnownFileType = text; name = day_03.input; path = 2023/input/day_03.input; sourceTree = "<group>"; };
		66A7DD192CFE4CC900DA1C6E /* day_02.input */ = {isa = PBXFileReference; lastKnownFileType = text; name = day_02.input; path = 2023/input/day_02.input; sourceTree = "<group>"; };
		66A7DD1A2CFE4CC900DA1C6E /* day_03.test_input */ = {isa = PBXFileReference; lastKnownFileType = text; name = day_03.test_input; path = 2023/input/day_03.test_input; sourceTree = "<group>"; };
		66A7DD1B2CFE4CC900DA1C6E /* day_20.test_input */ = {isa = PBXFileReference; lastKnownFileType = text; name = day_20.test_input; path = 2023/input/day_20.test_input; sourceTree = "<group>"; };
		66A7DD1C2CFE4CC900DA1C6E /* day_14.input */ = {isa = PBXFileReference; lastKnownFileType = text; name = day_14.input; path = 2023/input/day_14.input; sourceTree = "<group>"; };
		66A7DD1D2CFE4CC900DA1C6E /* day_07.test_input */ = {isa = PBXFileReference; lastKnownFileType = text; name = day_07.test_input; path = 2023/input/day_07.test_input; sourceTree = "<group>"; };
		66A7DD1E2CFE4CC900DA1C6E /* day_11.input */ = {isa = PBXFileReference; lastKnownFileType = text; name = day_11.input; path = 2023/input/day_11.input; sourceTree = "<group>"; };
		66A7DD1F2CFE4CC900DA1C6E /* day_17.test_input */ = {isa = PBXFileReference; lastKnownFileType = text; name = day_17.test_input; path = 2023/input/day_17.test_input; sourceTree = "<group>"; };
		66A7DD202CFE4CC900DA1C6E /* day_13.test_input */ = {isa = PBXFileReference; lastKnownFileType = text; name = day_13.test_input; path = 2023/input/day_13.test_input; sourceTree = "<group>"; };
		66A7DD212CFE4CCA00DA1C6E /* day_25.input */ = {isa = PBXFileReference; lastKnownFileType = text; name = day_25.input; path = 2023/input/day_25.input; sourceTree = "<group>"; };
		66A7DD222CFE4CCA00DA1C6E /* day_10.test_input4 */ = {isa = PBXFileReference; lastKnownFileType = text; name = day_10.test_input4; path = 2023/input/day_10.test_input4; sourceTree = "<group>"; };
		66A7DD232CFE4CCA00DA1C6E /* day_25.test_input */ = {isa = PBXFileReference; lastKnownFileType = text; name = day_25.test_input; path = 2023/input/day_25.test_input; sourceTree = "<group>"; };
		66A7DD242CFE4CCA00DA1C6E /* day_15.test_input */ = {isa = PBXFileReference; lastKnownFileType = text; name = day_15.test_input; path = 2023/input/day_15.test_input; sourceTree = "<group>"; };
		66A7DD252CFE4CCA00DA1C6E /* day_18.input */ = {isa = PBXFileReference; lastKnownFileType = text; name = day_18.input; path = 2023/input/day_18.input; sourceTree = "<group>"; };
		66A7DD262CFE4CCA00DA1C6E /* day_20.test_input2 */ = {isa = PBXFileReference; lastKnownFileType = text; name = day_20.test_input2; path = 2023/input/day_20.test_input2; sourceTree = "<group>"; };
		66A7DD272CFE4CCA00DA1C6E /* day_06.test_input */ = {isa = PBXFileReference; lastKnownFileType = text; name = day_06.test_input; path = 2023/input/day_06.test_input; sourceTree = "<group>"; };
		66A7DD282CFE4CCA00DA1C6E /* day_07.input */ = {isa = PBXFileReference; lastKnownFileType = text; name = day_07.input; path = 2023/input/day_07.input; sourceTree = "<group>"; };
		66A7DD292CFE4CCA00DA1C6E /* day_14.test_input */ = {isa = PBXFileReference; lastKnownFileType = text; name = day_14.test_input; path = 2023/input/day_14.test_input; sourceTree = "<group>"; };
		66A7DD2A2CFE4CCA00DA1C6E /* day_05.test_input */ = {isa = PBXFileReference; lastKnownFileType = text; name = day_05.test_input; path = 2023/input/day_05.test_input; sourceTree = "<group>"; };
		66A7DD2B2CFE4CCA00DA1C6E /* day_10.input */ = {isa = PBXFileReference; lastKnownFileType = text; name = day_10.input; path = 2023/input/day_10.input; sourceTree = "<group>"; };
		66A7DD2C2CFE4CCA00DA1C6E /* day_15.input */ = {isa = PBXFileReference; lastKnownFileType = text; name = day_15.input; path = 2023/input/day_15.input; sourceTree = "<group>"; };
		66A7DD2D2CFE4CCA00DA1C6E /* day_09.test_input */ = {isa = PBXFileReference; lastKnownFileType = text; name = day_09.test_input; path = 2023/input/day_09.test_input; sourceTree = "<group>"; };
		66A7DD2E2CFE4CCA00DA1C6E /* day_08.test_input */ = {isa = PBXFileReference; lastKnownFileType = text; name = day_08.test_input; path = 2023/input/day_08.test_input; sourceTree = "<group>"; };
		66A7DD2F2CFE4CCB00DA1C6E /* day_10.test_input2 */ = {isa = PBXFileReference; lastKnownFileType = text; name = day_10.test_input2; path = 2023/input/day_10.test_input2; sourceTree = "<group>"; };
		66A7DD302CFE4CCB00DA1C6E /* day_08.input */ = {isa = PBXFileReference; lastKnownFileType = text; name = day_08.input; path = 2023/input/day_08.input; sourceTree = "<group>"; };
		66A7DD312CFE4CCB00DA1C6E /* day_22.test_input */ = {isa = PBXFileReference; lastKnownFileType = text; name = day_22.test_input; path = 2023/input/day_22.test_input; sourceTree = "<group>"; };
		66A7DD322CFE4CCB00DA1C6E /* day_12.input */ = {isa = PBXFileReference; lastKnownFileType = text; name = day_12.input; path = 2023/input/day_12.input; sourceTree = "<group>"; };
		66A7DD332CFE4CCB00DA1C6E /* day_21.input */ = {isa = PBXFileReference; lastKnownFileType = text; name = day_21.input; path = 2023/input/day_21.input; sourceTree = "<group>"; };
		66A7DD342CFE4CCB00DA1C6E /* day_13.input */ = {isa = PBXFileReference; lastKnownFileType = text; name = day_13.input; path = 2023/input/day_13.input; sourceTree = "<group>"; };
		66A7DD352CFE4CCB00DA1C6E /* day_17.input */ = {isa = PBXFileReference; lastKnownFileType = text; name = day_17.input; path = 2023/input/day_17.input; sourceTree = "<group>"; };
		66A7DD362CFE4CCB00DA1C6E /* day_10.test_input3 */ = {isa = PBXFileReference; lastKnownFileType = text; name = day_10.test_input3; path = 2023/input/day_10.test_input3; sourceTree = "<group>"; };
		66A7DD372CFE4CCB00DA1C6E /* day_06.input */ = {isa = PBXFileReference; lastKnownFileType = text; name = day_06.input; path = 2023/input/day_06.input; sourceTree = "<group>"; };
		66A7DD382CFE4CCB00DA1C6E /* day_11.test_input */ = {isa = PBXFileReference; lastKnownFileType = text; name = day_11.test_input; path = 2023/input/day_11.test_input; sourceTree = "<group>"; };
		66A7DD392CFE4CCB00DA1C6E /* day_20.input */ = {isa = PBXFileReference; lastKnownFileType = text; name = day_20.input; path = 2023/input/day_20.input; sourceTree = "<group>"; };
		66A7DD3A2CFE4CCB00DA1C6E /* day_02.test_input1 */ = {isa = PBXFileReference; lastKnownFileType = text; name = day_02.test_input1; path = 2023/input/day_02.test_input1; sourceTree = "<group>"; };
		66A7DD3B2CFE4CCB00DA1C6E /* day_24.test_input */ = {isa = PBXFileReference; lastKnownFileType = text; name = day_24.test_input; path = 2023/input/day_24.test_input; sourceTree = "<group>"; };
		66A7DD3C2CFE4CCB00DA1C6E /* day_24.input */ = {isa = PBXFileReference; lastKnownFileType = text; name = day_24.input; path = 2023/input/day_24.input; sourceTree = "<group>"; };
		66A7DD3D2CFE4CCC00DA1C6E /* day_05.input */ = {isa = PBXFileReference; lastKnownFileType = text; name = day_05.input; path = 2023/input/day_05.input; sourceTree = "<group>"; };
		66A7DD3E2CFE4CCC00DA1C6E /* day_22.input */ = {isa = PBXFileReference; lastKnownFileType = text; name = day_22.input; path = 2023/input/day_22.input; sourceTree = "<group>"; };
		66A7DD3F2CFE4CCC00DA1C6E /* day_04.test_input */ = {isa = PBXFileReference; lastKnownFileType = text; name = day_04.test_input; path = 2023/input/day_04.test_input; sourceTree = "<group>"; };
		66A7DD402CFE4CCC00DA1C6E /* day_08.test_input2 */ = {isa = PBXFileReference; lastKnownFileType = text; name = day_08.test_input2; path = 2023/input/day_08.test_input2; sourceTree = "<group>"; };
		66A7DD412CFE4CCC00DA1C6E /* day_21.test_input */ = {isa = PBXFileReference; lastKnownFileType = text; name = day_21.test_input; path = 2023/input/day_21.test_input; sourceTree = "<group>"; };
		66A7DD422CFE4CCC00DA1C6E /* day_10.test_input */ = {isa = PBXFileReference; lastKnownFileType = text; name = day_10.test_input; path = 2023/input/day_10.test_input; sourceTree = "<group>"; };
		66A7DD432CFE4CCC00DA1C6E /* day_19.input */ = {isa = PBXFileReference; lastKnownFileType = text; name = day_19.input; path = 2023/input/day_19.input; sourceTree = "<group>"; };
		66A7DD442CFE4CCC00DA1C6E /* day_23.test_input */ = {isa = PBXFileReference; lastKnownFileType = text; name = day_23.test_input; path = 2023/input/day_23.test_input; sourceTree = "<group>"; };
		66A7DD452CFE4CCC00DA1C6E /* day_16.input */ = {isa = PBXFileReference; lastKnownFileType = text; name = day_16.input; path = 2023/input/day_16.input; sourceTree = "<group>"; };
		66A7DD462CFE4CCC00DA1C6E /* day_09.input */ = {isa = PBXFileReference; lastKnownFileType = text; name = day_09.input; path = 2023/input/day_09.input; sourceTree = "<group>"; };
		66A7DD472CFE4CCC00DA1C6E /* day_19.test_input */ = {isa = PBXFileReference; lastKnownFileType = text; name = day_19.test_input; path = 2023/input/day_19.test_input; sourceTree = "<group>"; };
		66A7DD482CFE4CCC00DA1C6E /* day_18.test_input */ = {isa = PBXFileReference; lastKnownFileType = text; name = day_18.test_input; path = 2023/input/day_18.test_input; sourceTree = "<group>"; };
		66A7DD492CFE4CCC00DA1C6E /* day_23.input */ = {isa = PBXFileReference; lastKnownFileType = text; name = day_23.input; path = 2023/input/day_23.input; sourceTree = "<group>"; };
		66A7DD4A2CFE4CCC00DA1C6E /* day_08.test_input3 */ = {isa = PBXFileReference; lastKnownFileType = text; name = day_08.test_input3; path = 2023/input/day_08.test_input3; sourceTree = "<group>"; };
		66A7DD4B2CFE4CCD00DA1C6E /* day_04.input */ = {isa = PBXFileReference; lastKnownFileType = text; name = day_04.input; path = 2023/input/day_04.input; sourceTree = "<group>"; };
		66A7DD4C2CFE4CCD00DA1C6E /* day_12.test_input */ = {isa = PBXFileReference; lastKnownFileType = text; name = day_12.test_input; path = 2023/input/day_12.test_input; sourceTree = "<group>"; };
		66A7DD4D2CFE4CCD00DA1C6E /* day_16.test_input */ = {isa = PBXFileReference; lastKnownFileType = text; name = day_16.test_input; path = 2023/input/day_16.test_input; sourceTree = "<group>"; };
		66A7DD5C2CFE524F00DA1C6E /* day_01.input */ = {isa = PBXFileReference; lastKnownFileType = text; name = day_01.input; path = 2024/input/day_01.input; sourceTree = "<group>"; };
		66A7DD5D2CFE524F00DA1C6E /* day_01.test_input */ = {isa = PBXFileReference; lastKnownFileType = text; name = day_01.test_input; path = 2024/input/day_01.test_input; sourceTree = "<group>"; };
		66A7DD5E2CFE528600DA1C6E /* day_01_2024.cpp */ = {isa = PBXFileReference; lastKnownFileType = sourcecode.cpp.cpp; name = day_01_2024.cpp; path = 2024/day_01_2024.cpp; sourceTree = "<group>"; };
		66A7DD602CFE535700DA1C6E /* days.h */ = {isa = PBXFileReference; lastKnownFileType = sourcecode.c.h; name = days.h; path = util/days.h; sourceTree = "<group>"; };
		66CEE4B62CFFAEF100573BDC /* day_02_2024.cpp */ = {isa = PBXFileReference; lastKnownFileType = sourcecode.cpp.cpp; name = day_02_2024.cpp; path = 2024/day_02_2024.cpp; sourceTree = "<group>"; };
		66CEE4B82CFFB10C00573BDC /* day_02.input */ = {isa = PBXFileReference; lastKnownFileType = text; name = day_02.input; path = 2024/input/day_02.input; sourceTree = "<group>"; };
		66CEE4B92CFFB10C00573BDC /* day_02.test_input */ = {isa = PBXFileReference; lastKnownFileType = text; name = day_02.test_input; path = 2024/input/day_02.test_input; sourceTree = "<group>"; };
		66CEE4BB2CFFC4FC00573BDC /* day_03_2024.cpp */ = {isa = PBXFileReference; lastKnownFileType = sourcecode.cpp.cpp; name = day_03_2024.cpp; path = 2024/day_03_2024.cpp; sourceTree = "<group>"; };
		66CEE4BD2CFFC5B600573BDC /* day_03.input */ = {isa = PBXFileReference; lastKnownFileType = text; name = day_03.input; path = 2024/input/day_03.input; sourceTree = "<group>"; };
		66CEE4BE2CFFC5B600573BDC /* day_03.test_input */ = {isa = PBXFileReference; lastKnownFileType = text; name = day_03.test_input; path = 2024/input/day_03.test_input; sourceTree = "<group>"; };
/* End PBXFileReference section */

/* Begin PBXFrameworksBuildPhase section */
		66612A7C2B1A3A6E0056154B /* Frameworks */ = {
			isa = PBXFrameworksBuildPhase;
			buildActionMask = 2147483647;
			files = (
			);
			runOnlyForDeploymentPostprocessing = 0;
		};
/* End PBXFrameworksBuildPhase section */

/* Begin PBXGroup section */
		6611D5CF2B332FE100A1C56F /* Day 20 */ = {
			isa = PBXGroup;
			children = (
				66A7DCF82CFE4B6B00DA1C6E /* day_20.cpp */,
				66A7DD392CFE4CCB00DA1C6E /* day_20.input */,
				66A7DD1B2CFE4CC900DA1C6E /* day_20.test_input */,
				66A7DD262CFE4CCA00DA1C6E /* day_20.test_input2 */,
			);
			name = "Day 20";
			sourceTree = "<group>";
		};
		6611D5D52B348C9700A1C56F /* Day 21 */ = {
			isa = PBXGroup;
			children = (
				66A7DCF72CFE4B6B00DA1C6E /* day_21.cpp */,
				66A7DD332CFE4CCB00DA1C6E /* day_21.input */,
				66A7DD412CFE4CCC00DA1C6E /* day_21.test_input */,
			);
			name = "Day 21";
			sourceTree = "<group>";
		};
		6611D5DA2B35D66400A1C56F /* Day 22 */ = {
			isa = PBXGroup;
			children = (
				66A7DCFB2CFE4B6B00DA1C6E /* day_22.cpp */,
				66A7DD3E2CFE4CCC00DA1C6E /* day_22.input */,
				66A7DD312CFE4CCB00DA1C6E /* day_22.test_input */,
			);
			name = "Day 22";
			sourceTree = "<group>";
		};
		66539A052B2D6C3C00613227 /* Day 16 */ = {
			isa = PBXGroup;
			children = (
				66A7DCF32CFE4B6B00DA1C6E /* day_16.cpp */,
				66A7DD452CFE4CCC00DA1C6E /* day_16.input */,
				66A7DD4D2CFE4CCD00DA1C6E /* day_16.test_input */,
			);
			name = "Day 16";
			sourceTree = "<group>";
		};
		66539A0A2B2F98ED00613227 /* Day 17 */ = {
			isa = PBXGroup;
			children = (
				66A7DCEB2CFE4B6A00DA1C6E /* day_17.cpp */,
				66A7DD352CFE4CCB00DA1C6E /* day_17.input */,
				66A7DD1F2CFE4CC900DA1C6E /* day_17.test_input */,
			);
			name = "Day 17";
			sourceTree = "<group>";
		};
		66539A0F2B3B6A1D00613227 /* Day 25 */ = {
			isa = PBXGroup;
			children = (
				66A7DCE22CFE4B6100DA1C6E /* day_25.cpp */,
				66A7DD212CFE4CCA00DA1C6E /* day_25.input */,
				66A7DD232CFE4CCA00DA1C6E /* day_25.test_input */,
			);
			name = "Day 25";
			sourceTree = "<group>";
		};
		66539A122B3B6ADA00613227 /* Day 24 */ = {
			isa = PBXGroup;
			children = (
				66A7DCFA2CFE4B6B00DA1C6E /* day_24.cpp */,
				66A7DD3C2CFE4CCB00DA1C6E /* day_24.input */,
				66A7DD3B2CFE4CCB00DA1C6E /* day_24.test_input */,
			);
			name = "Day 24";
			sourceTree = "<group>";
		};
		66539A132B3B6AE400613227 /* Day 23 */ = {
			isa = PBXGroup;
			children = (
				66A7DCF22CFE4B6B00DA1C6E /* day_23.cpp */,
				66A7DD492CFE4CCC00DA1C6E /* day_23.input */,
				66A7DD442CFE4CCC00DA1C6E /* day_23.test_input */,
			);
			name = "Day 23";
			sourceTree = "<group>";
		};
		66612A762B1A3A6E0056154B = {
			isa = PBXGroup;
			children = (
				66A7DCDF2CFE4B4100DA1C6E /* AdventOfCode */,
				66A7DCD72CFE49DA00DA1C6E /* Util */,
				66A7DD592CFE51CA00DA1C6E /* 2023 */,
				66A7DD5A2CFE51EB00DA1C6E /* 2024 */,
				66612A802B1A3A6E0056154B /* Products */,
			);
			sourceTree = "<group>";
		};
		66612A802B1A3A6E0056154B /* Products */ = {
			isa = PBXGroup;
			children = (
				66612A7F2B1A3A6E0056154B /* AdventOfCode */,
			);
			name = Products;
			sourceTree = "<group>";
		};
		66797BF72B2A5D5B00777948 /* Day 01 */ = {
			isa = PBXGroup;
			children = (
				66A7DCEE2CFE4B6A00DA1C6E /* day_01.cpp */,
				66A7DD162CFE4C1000DA1C6E /* day_01.input */,
				66A7DD142CFE4C1000DA1C6E /* day_01.test_input1 */,
				66A7DD152CFE4C1000DA1C6E /* day_01.test_input2 */,
			);
			name = "Day 01";
			sourceTree = "<group>";
		};
		66797BF82B2A5DB300777948 /* Day 02 */ = {
			isa = PBXGroup;
			children = (
				66A7DCE72CFE4B6A00DA1C6E /* day_02.cpp */,
				66A7DD192CFE4CC900DA1C6E /* day_02.input */,
				66A7DD3A2CFE4CCB00DA1C6E /* day_02.test_input1 */,
			);
			name = "Day 02";
			sourceTree = "<group>";
		};
		66797BF92B2A5DBB00777948 /* Day 03 */ = {
			isa = PBXGroup;
			children = (
				66A7DCF62CFE4B6B00DA1C6E /* day_03.cpp */,
				66A7DD182CFE4CC900DA1C6E /* day_03.input */,
				66A7DD1A2CFE4CC900DA1C6E /* day_03.test_input */,
			);
			name = "Day 03";
			sourceTree = "<group>";
		};
		66797BFA2B2A5DC500777948 /* Day 04 */ = {
			isa = PBXGroup;
			children = (
				66A7DCE42CFE4B6A00DA1C6E /* day_04.cpp */,
				66A7DD4B2CFE4CCD00DA1C6E /* day_04.input */,
				66A7DD3F2CFE4CCC00DA1C6E /* day_04.test_input */,
			);
			name = "Day 04";
			sourceTree = "<group>";
		};
		66797BFB2B2A5DCC00777948 /* Day 05 */ = {
			isa = PBXGroup;
			children = (
				66A7DCE52CFE4B6A00DA1C6E /* day_05.cpp */,
				66A7DD3D2CFE4CCC00DA1C6E /* day_05.input */,
				66A7DD2A2CFE4CCA00DA1C6E /* day_05.test_input */,
			);
			name = "Day 05";
			sourceTree = "<group>";
		};
		66797BFC2B2A5DD200777948 /* Day 06 */ = {
			isa = PBXGroup;
			children = (
				66A7DCF52CFE4B6B00DA1C6E /* day_06.cpp */,
				66A7DD372CFE4CCB00DA1C6E /* day_06.input */,
				66A7DD272CFE4CCA00DA1C6E /* day_06.test_input */,
			);
			name = "Day 06";
			sourceTree = "<group>";
		};
		66797BFD2B2A5DDA00777948 /* Day 07 */ = {
			isa = PBXGroup;
			children = (
				66A7DCF42CFE4B6B00DA1C6E /* day_07.cpp */,
				66A7DD282CFE4CCA00DA1C6E /* day_07.input */,
				66A7DD1D2CFE4CC900DA1C6E /* day_07.test_input */,
			);
			name = "Day 07";
			sourceTree = "<group>";
		};
		66797BFE2B2A5DE300777948 /* Day 08 */ = {
			isa = PBXGroup;
			children = (
				66A7DCE82CFE4B6A00DA1C6E /* day_08.cpp */,
				66A7DD302CFE4CCB00DA1C6E /* day_08.input */,
				66A7DD2E2CFE4CCA00DA1C6E /* day_08.test_input */,
				66A7DD402CFE4CCC00DA1C6E /* day_08.test_input2 */,
				66A7DD4A2CFE4CCC00DA1C6E /* day_08.test_input3 */,
			);
			name = "Day 08";
			sourceTree = "<group>";
		};
		66797BFF2B2A5DE800777948 /* Day 09 */ = {
			isa = PBXGroup;
			children = (
				66A7DCEC2CFE4B6A00DA1C6E /* day_09.cpp */,
				66A7DD462CFE4CCC00DA1C6E /* day_09.input */,
				66A7DD2D2CFE4CCA00DA1C6E /* day_09.test_input */,
			);
			name = "Day 09";
			sourceTree = "<group>";
		};
		66797C002B2A5DEF00777948 /* Day 10 */ = {
			isa = PBXGroup;
			children = (
				66A7DCE92CFE4B6A00DA1C6E /* day_10.cpp */,
				66A7DD2B2CFE4CCA00DA1C6E /* day_10.input */,
				66A7DD422CFE4CCC00DA1C6E /* day_10.test_input */,
				66A7DD2F2CFE4CCB00DA1C6E /* day_10.test_input2 */,
				66A7DD362CFE4CCB00DA1C6E /* day_10.test_input3 */,
				66A7DD222CFE4CCA00DA1C6E /* day_10.test_input4 */,
			);
			name = "Day 10";
			sourceTree = "<group>";
		};
		66797C012B2A5DF400777948 /* Day 11 */ = {
			isa = PBXGroup;
			children = (
				66A7DCEA2CFE4B6A00DA1C6E /* day_11.cpp */,
				66A7DD1E2CFE4CC900DA1C6E /* day_11.input */,
				66A7DD382CFE4CCB00DA1C6E /* day_11.test_input */,
			);
			name = "Day 11";
			sourceTree = "<group>";
		};
		66797C022B2A5DF900777948 /* Day 12 */ = {
			isa = PBXGroup;
			children = (
				66A7DCE62CFE4B6A00DA1C6E /* day_12.cpp */,
				66A7DD322CFE4CCB00DA1C6E /* day_12.input */,
				66A7DD4C2CFE4CCD00DA1C6E /* day_12.test_input */,
			);
			name = "Day 12";
			sourceTree = "<group>";
		};
		66797C032B2A5DFF00777948 /* Day 13 */ = {
			isa = PBXGroup;
			children = (
				66A7DCED2CFE4B6A00DA1C6E /* day_13.cpp */,
				66A7DD342CFE4CCB00DA1C6E /* day_13.input */,
				66A7DD202CFE4CC900DA1C6E /* day_13.test_input */,
			);
			name = "Day 13";
			sourceTree = "<group>";
		};
		66797C1F2B2B8B1B00777948 /* Day 14 */ = {
			isa = PBXGroup;
			children = (
				66A7DCEF2CFE4B6A00DA1C6E /* day_14.cpp */,
				66A7DD1C2CFE4CC900DA1C6E /* day_14.input */,
				66A7DD292CFE4CCA00DA1C6E /* day_14.test_input */,
			);
			name = "Day 14";
			sourceTree = "<group>";
		};
		66797C242B2CAC0A00777948 /* Day 15 */ = {
			isa = PBXGroup;
			children = (
				66A7DCF92CFE4B6B00DA1C6E /* day_15.cpp */,
				66A7DD2C2CFE4CCA00DA1C6E /* day_15.input */,
				66A7DD242CFE4CCA00DA1C6E /* day_15.test_input */,
			);
			name = "Day 15";
			sourceTree = "<group>";
		};
		66797C292B30A98000777948 /* Day 18 */ = {
			isa = PBXGroup;
			children = (
				66A7DCF02CFE4B6A00DA1C6E /* day_18.cpp */,
				66A7DD252CFE4CCA00DA1C6E /* day_18.input */,
				66A7DD482CFE4CCC00DA1C6E /* day_18.test_input */,
			);
			name = "Day 18";
			sourceTree = "<group>";
		};
		66797C2E2B31ECEC00777948 /* Day 19 */ = {
			isa = PBXGroup;
			children = (
				66A7DCF12CFE4B6B00DA1C6E /* day_19.cpp */,
				66A7DD432CFE4CCC00DA1C6E /* day_19.input */,
				66A7DD472CFE4CCC00DA1C6E /* day_19.test_input */,
			);
			name = "Day 19";
			sourceTree = "<group>";
		};
		66A7DCD72CFE49DA00DA1C6E /* Util */ = {
			isa = PBXGroup;
			children = (
				66A7DCD82CFE49FA00DA1C6E /* advent_of_code.cpp */,
				66A7DCD92CFE49FA00DA1C6E /* advent_of_code.h */,
			);
			name = Util;
			sourceTree = "<group>";
		};
		66A7DCDF2CFE4B4100DA1C6E /* AdventOfCode */ = {
			isa = PBXGroup;
			children = (
				66A7DD602CFE535700DA1C6E /* days.h */,
				66A7DCE02CFE4B5000DA1C6E /* main.cpp */,
			);
			name = AdventOfCode;
			sourceTree = "<group>";
		};
		66A7DD592CFE51CA00DA1C6E /* 2023 */ = {
			isa = PBXGroup;
			children = (
				66539A0F2B3B6A1D00613227 /* Day 25 */,
				66539A122B3B6ADA00613227 /* Day 24 */,
				66539A132B3B6AE400613227 /* Day 23 */,
				6611D5DA2B35D66400A1C56F /* Day 22 */,
				6611D5D52B348C9700A1C56F /* Day 21 */,
				6611D5CF2B332FE100A1C56F /* Day 20 */,
				66797C2E2B31ECEC00777948 /* Day 19 */,
				66797C292B30A98000777948 /* Day 18 */,
				66539A0A2B2F98ED00613227 /* Day 17 */,
				66539A052B2D6C3C00613227 /* Day 16 */,
				66797C242B2CAC0A00777948 /* Day 15 */,
				66797C1F2B2B8B1B00777948 /* Day 14 */,
				66797C032B2A5DFF00777948 /* Day 13 */,
				66797C022B2A5DF900777948 /* Day 12 */,
				66797C012B2A5DF400777948 /* Day 11 */,
				66797C002B2A5DEF00777948 /* Day 10 */,
				66797BFF2B2A5DE800777948 /* Day 09 */,
				66797BFE2B2A5DE300777948 /* Day 08 */,
				66797BFD2B2A5DDA00777948 /* Day 07 */,
				66797BFC2B2A5DD200777948 /* Day 06 */,
				66797BFB2B2A5DCC00777948 /* Day 05 */,
				66797BFA2B2A5DC500777948 /* Day 04 */,
				66797BF92B2A5DBB00777948 /* Day 03 */,
				66797BF82B2A5DB300777948 /* Day 02 */,
				66797BF72B2A5D5B00777948 /* Day 01 */,
			);
			name = 2023;
			sourceTree = "<group>";
		};
		66A7DD5A2CFE51EB00DA1C6E /* 2024 */ = {
			isa = PBXGroup;
			children = (
				66CEE4BA2CFFC4EA00573BDC /* Day 03 */,
				66CEE4B52CFFAECE00573BDC /* Day 02 */,
				66A7DD5B2CFE523C00DA1C6E /* Day 01 */,
			);
			name = 2024;
			sourceTree = "<group>";
		};
		66A7DD5B2CFE523C00DA1C6E /* Day 01 */ = {
			isa = PBXGroup;
			children = (
				66A7DD5E2CFE528600DA1C6E /* day_01_2024.cpp */,
				66A7DD5C2CFE524F00DA1C6E /* day_01.input */,
				66A7DD5D2CFE524F00DA1C6E /* day_01.test_input */,
			);
			name = "Day 01";
			sourceTree = "<group>";
		};
		66CEE4B52CFFAECE00573BDC /* Day 02 */ = {
			isa = PBXGroup;
			children = (
				66CEE4B62CFFAEF100573BDC /* day_02_2024.cpp */,
				66CEE4B82CFFB10C00573BDC /* day_02.input */,
				66CEE4B92CFFB10C00573BDC /* day_02.test_input */,
			);
			name = "Day 02";
			sourceTree = "<group>";
		};
		66CEE4BA2CFFC4EA00573BDC /* Day 03 */ = {
			isa = PBXGroup;
			children = (
				66CEE4BB2CFFC4FC00573BDC /* day_03_2024.cpp */,
				66CEE4BD2CFFC5B600573BDC /* day_03.input */,
				66CEE4BE2CFFC5B600573BDC /* day_03.test_input */,
			);
			name = "Day 03";
			sourceTree = "<group>";
		};
/* End PBXGroup section */

/* Begin PBXNativeTarget section */
		66612A7E2B1A3A6E0056154B /* AdventOfCode */ = {
			isa = PBXNativeTarget;
			buildConfigurationList = 66612A862B1A3A6E0056154B /* Build configuration list for PBXNativeTarget "AdventOfCode" */;
			buildPhases = (
				66612A7B2B1A3A6E0056154B /* Sources */,
				66612A7C2B1A3A6E0056154B /* Frameworks */,
				66612A7D2B1A3A6E0056154B /* CopyFiles */,
			);
			buildRules = (
			);
			dependencies = (
			);
			name = AdventOfCode;
			productName = AdventOfCode;
			productReference = 66612A7F2B1A3A6E0056154B /* AdventOfCode */;
			productType = "com.apple.product-type.tool";
		};
/* End PBXNativeTarget section */

/* Begin PBXProject section */
		66612A772B1A3A6E0056154B /* Project object */ = {
			isa = PBXProject;
			attributes = {
				BuildIndependentTargetsInParallel = 1;
				LastUpgradeCheck = 1540;
				TargetAttributes = {
					66612A7E2B1A3A6E0056154B = {
						CreatedOnToolsVersion = 15.0;
					};
				};
			};
			buildConfigurationList = 66612A7A2B1A3A6E0056154B /* Build configuration list for PBXProject "AdventOfCode" */;
			compatibilityVersion = "Xcode 14.0";
			developmentRegion = en;
			hasScannedForEncodings = 0;
			knownRegions = (
				en,
				Base,
			);
			mainGroup = 66612A762B1A3A6E0056154B;
			productRefGroup = 66612A802B1A3A6E0056154B /* Products */;
			projectDirPath = "";
			projectRoot = "";
			targets = (
				66612A7E2B1A3A6E0056154B /* AdventOfCode */,
			);
		};
/* End PBXProject section */

/* Begin PBXSourcesBuildPhase section */
		66612A7B2B1A3A6E0056154B /* Sources */ = {
			isa = PBXSourcesBuildPhase;
			buildActionMask = 2147483647;
			files = (
				66A7DCE12CFE4B5000DA1C6E /* main.cpp in Sources */,
				66A7DCDE2CFE4AC400DA1C6E /* advent_of_code.cpp in Sources */,
				66A7DD092CFE4B6B00DA1C6E /* day_19.cpp in Sources */,
				66A7DD0F2CFE4B6C00DA1C6E /* day_21.cpp in Sources */,
				66A7DD002CFE4B6B00DA1C6E /* day_08.cpp in Sources */,
				66A7DD5F2CFE528600DA1C6E /* day_01_2024.cpp in Sources */,
				66A7DD082CFE4B6B00DA1C6E /* day_18.cpp in Sources */,
				66A7DD122CFE4B6C00DA1C6E /* day_24.cpp in Sources */,
				66CEE4B72CFFAEF100573BDC /* day_02_2024.cpp in Sources */,
				66A7DD0C2CFE4B6C00DA1C6E /* day_07.cpp in Sources */,
				66A7DCFC2CFE4B6B00DA1C6E /* day_04.cpp in Sources */,
				66A7DCFE2CFE4B6B00DA1C6E /* day_12.cpp in Sources */,
				66A7DD012CFE4B6B00DA1C6E /* day_10.cpp in Sources */,
				66A7DD0B2CFE4B6C00DA1C6E /* day_16.cpp in Sources */,
				66A7DD032CFE4B6B00DA1C6E /* day_17.cpp in Sources */,
				66A7DD102CFE4B6C00DA1C6E /* day_20.cpp in Sources */,
				66A7DD0A2CFE4B6B00DA1C6E /* day_23.cpp in Sources */,
				66CEE4BC2CFFC4FC00573BDC /* day_03_2024.cpp in Sources */,
				66A7DD052CFE4B6B00DA1C6E /* day_13.cpp in Sources */,
				66A7DD0E2CFE4B6C00DA1C6E /* day_03.cpp in Sources */,
				66A7DD042CFE4B6B00DA1C6E /* day_09.cpp in Sources */,
				66A7DD072CFE4B6B00DA1C6E /* day_14.cpp in Sources */,
				66A7DCFF2CFE4B6B00DA1C6E /* day_02.cpp in Sources */,
				66A7DD112CFE4B6C00DA1C6E /* day_15.cpp in Sources */,
				66A7DD132CFE4B6C00DA1C6E /* day_22.cpp in Sources */,
				66A7DCFD2CFE4B6B00DA1C6E /* day_05.cpp in Sources */,
				66A7DD062CFE4B6B00DA1C6E /* day_01.cpp in Sources */,
				66A7DD022CFE4B6B00DA1C6E /* day_11.cpp in Sources */,
				66A7DCE32CFE4B6100DA1C6E /* day_25.cpp in Sources */,
				66A7DD0D2CFE4B6C00DA1C6E /* day_06.cpp in Sources */,
			);
			runOnlyForDeploymentPostprocessing = 0;
		};
/* End PBXSourcesBuildPhase section */

/* Begin XCBuildConfiguration section */
		66612A842B1A3A6E0056154B /* Debug */ = {
			isa = XCBuildConfiguration;
			buildSettings = {
				ALWAYS_SEARCH_USER_PATHS = NO;
				ASSETCATALOG_COMPILER_GENERATE_SWIFT_ASSET_SYMBOL_EXTENSIONS = YES;
				CLANG_ANALYZER_NONNULL = YES;
				CLANG_ANALYZER_NUMBER_OBJECT_CONVERSION = YES_AGGRESSIVE;
				CLANG_CXX_LANGUAGE_STANDARD = "gnu++20";
				CLANG_ENABLE_MODULES = YES;
				CLANG_ENABLE_OBJC_ARC = YES;
				CLANG_ENABLE_OBJC_WEAK = YES;
				CLANG_WARN_BLOCK_CAPTURE_AUTORELEASING = YES;
				CLANG_WARN_BOOL_CONVERSION = YES;
				CLANG_WARN_COMMA = YES;
				CLANG_WARN_CONSTANT_CONVERSION = YES;
				CLANG_WARN_DEPRECATED_OBJC_IMPLEMENTATIONS = YES;
				CLANG_WARN_DIRECT_OBJC_ISA_USAGE = YES_ERROR;
				CLANG_WARN_DOCUMENTATION_COMMENTS = YES;
				CLANG_WARN_EMPTY_BODY = YES;
				CLANG_WARN_ENUM_CONVERSION = YES;
				CLANG_WARN_INFINITE_RECURSION = YES;
				CLANG_WARN_INT_CONVERSION = YES;
				CLANG_WARN_NON_LITERAL_NULL_CONVERSION = YES;
				CLANG_WARN_OBJC_IMPLICIT_RETAIN_SELF = YES;
				CLANG_WARN_OBJC_LITERAL_CONVERSION = YES;
				CLANG_WARN_OBJC_ROOT_CLASS = YES_ERROR;
				CLANG_WARN_QUOTED_INCLUDE_IN_FRAMEWORK_HEADER = YES;
				CLANG_WARN_RANGE_LOOP_ANALYSIS = YES;
				CLANG_WARN_STRICT_PROTOTYPES = YES;
				CLANG_WARN_SUSPICIOUS_MOVE = YES;
				CLANG_WARN_UNGUARDED_AVAILABILITY = YES_AGGRESSIVE;
				CLANG_WARN_UNREACHABLE_CODE = YES;
				CLANG_WARN__DUPLICATE_METHOD_MATCH = YES;
				COPY_PHASE_STRIP = NO;
				DEAD_CODE_STRIPPING = YES;
				DEBUG_INFORMATION_FORMAT = dwarf;
				ENABLE_STRICT_OBJC_MSGSEND = YES;
				ENABLE_TESTABILITY = YES;
				ENABLE_USER_SCRIPT_SANDBOXING = YES;
				GCC_C_LANGUAGE_STANDARD = gnu17;
				GCC_DYNAMIC_NO_PIC = NO;
				GCC_NO_COMMON_BLOCKS = YES;
				GCC_OPTIMIZATION_LEVEL = 0;
				GCC_PREPROCESSOR_DEFINITIONS = (
					"DEBUG=1",
					"$(inherited)",
				);
				GCC_WARN_64_TO_32_BIT_CONVERSION = YES;
				GCC_WARN_ABOUT_RETURN_TYPE = YES_ERROR;
				GCC_WARN_UNDECLARED_SELECTOR = YES;
				GCC_WARN_UNINITIALIZED_AUTOS = YES_AGGRESSIVE;
				GCC_WARN_UNUSED_FUNCTION = YES;
				GCC_WARN_UNUSED_VARIABLE = YES;
				LOCALIZATION_PREFERS_STRING_CATALOGS = YES;
				MACOSX_DEPLOYMENT_TARGET = 13.5;
				MTL_ENABLE_DEBUG_INFO = INCLUDE_SOURCE;
				MTL_FAST_MATH = YES;
				ONLY_ACTIVE_ARCH = YES;
				SDKROOT = macosx;
			};
			name = Debug;
		};
		66612A852B1A3A6E0056154B /* Release */ = {
			isa = XCBuildConfiguration;
			buildSettings = {
				ALWAYS_SEARCH_USER_PATHS = NO;
				ASSETCATALOG_COMPILER_GENERATE_SWIFT_ASSET_SYMBOL_EXTENSIONS = YES;
				CLANG_ANALYZER_NONNULL = YES;
				CLANG_ANALYZER_NUMBER_OBJECT_CONVERSION = YES_AGGRESSIVE;
				CLANG_CXX_LANGUAGE_STANDARD = "gnu++20";
				CLANG_ENABLE_MODULES = YES;
				CLANG_ENABLE_OBJC_ARC = YES;
				CLANG_ENABLE_OBJC_WEAK = YES;
				CLANG_WARN_BLOCK_CAPTURE_AUTORELEASING = YES;
				CLANG_WARN_BOOL_CONVERSION = YES;
				CLANG_WARN_COMMA = YES;
				CLANG_WARN_CONSTANT_CONVERSION = YES;
				CLANG_WARN_DEPRECATED_OBJC_IMPLEMENTATIONS = YES;
				CLANG_WARN_DIRECT_OBJC_ISA_USAGE = YES_ERROR;
				CLANG_WARN_DOCUMENTATION_COMMENTS = YES;
				CLANG_WARN_EMPTY_BODY = YES;
				CLANG_WARN_ENUM_CONVERSION = YES;
				CLANG_WARN_INFINITE_RECURSION = YES;
				CLANG_WARN_INT_CONVERSION = YES;
				CLANG_WARN_NON_LITERAL_NULL_CONVERSION = YES;
				CLANG_WARN_OBJC_IMPLICIT_RETAIN_SELF = YES;
				CLANG_WARN_OBJC_LITERAL_CONVERSION = YES;
				CLANG_WARN_OBJC_ROOT_CLASS = YES_ERROR;
				CLANG_WARN_QUOTED_INCLUDE_IN_FRAMEWORK_HEADER = YES;
				CLANG_WARN_RANGE_LOOP_ANALYSIS = YES;
				CLANG_WARN_STRICT_PROTOTYPES = YES;
				CLANG_WARN_SUSPICIOUS_MOVE = YES;
				CLANG_WARN_UNGUARDED_AVAILABILITY = YES_AGGRESSIVE;
				CLANG_WARN_UNREACHABLE_CODE = YES;
				CLANG_WARN__DUPLICATE_METHOD_MATCH = YES;
				COPY_PHASE_STRIP = NO;
				DEAD_CODE_STRIPPING = YES;
				DEBUG_INFORMATION_FORMAT = "dwarf-with-dsym";
				ENABLE_NS_ASSERTIONS = NO;
				ENABLE_STRICT_OBJC_MSGSEND = YES;
				ENABLE_USER_SCRIPT_SANDBOXING = YES;
				GCC_C_LANGUAGE_STANDARD = gnu17;
				GCC_NO_COMMON_BLOCKS = YES;
				GCC_WARN_64_TO_32_BIT_CONVERSION = YES;
				GCC_WARN_ABOUT_RETURN_TYPE = YES_ERROR;
				GCC_WARN_UNDECLARED_SELECTOR = YES;
				GCC_WARN_UNINITIALIZED_AUTOS = YES_AGGRESSIVE;
				GCC_WARN_UNUSED_FUNCTION = YES;
				GCC_WARN_UNUSED_VARIABLE = YES;
				LOCALIZATION_PREFERS_STRING_CATALOGS = YES;
				MACOSX_DEPLOYMENT_TARGET = 13.5;
				MTL_ENABLE_DEBUG_INFO = NO;
				MTL_FAST_MATH = YES;
				SDKROOT = macosx;
			};
			name = Release;
		};
		66612A872B1A3A6E0056154B /* Debug */ = {
			isa = XCBuildConfiguration;
			buildSettings = {
				CODE_SIGN_STYLE = Automatic;
				DEAD_CODE_STRIPPING = YES;
				DEVELOPMENT_TEAM = B47EZERG93;
				ENABLE_HARDENED_RUNTIME = YES;
				HEADER_SEARCH_PATHS = "$(PROJECT_DIR)/";
				PRODUCT_NAME = "$(TARGET_NAME)";
			};
			name = Debug;
		};
		66612A882B1A3A6E0056154B /* Release */ = {
			isa = XCBuildConfiguration;
			buildSettings = {
				CODE_SIGN_STYLE = Automatic;
				DEAD_CODE_STRIPPING = YES;
				DEVELOPMENT_TEAM = B47EZERG93;
				ENABLE_HARDENED_RUNTIME = YES;
				HEADER_SEARCH_PATHS = "$(PROJECT_DIR)/";
				PRODUCT_NAME = "$(TARGET_NAME)";
			};
			name = Release;
		};
/* End XCBuildConfiguration section */

/* Begin XCConfigurationList section */
		66612A7A2B1A3A6E0056154B /* Build configuration list for PBXProject "AdventOfCode" */ = {
			isa = XCConfigurationList;
			buildConfigurations = (
				66612A842B1A3A6E0056154B /* Debug */,
				66612A852B1A3A6E0056154B /* Release */,
			);
			defaultConfigurationIsVisible = 0;
			defaultConfigurationName = Release;
		};
		66612A862B1A3A6E0056154B /* Build configuration list for PBXNativeTarget "AdventOfCode" */ = {
			isa = XCConfigurationList;
			buildConfigurations = (
				66612A872B1A3A6E0056154B /* Debug */,
				66612A882B1A3A6E0056154B /* Release */,
			);
			defaultConfigurationIsVisible = 0;
			defaultConfigurationName = Release;
		};
/* End XCConfigurationList section */
	};
	rootObject = 66612A772B1A3A6E0056154B /* Project object */;
}
